// !$*UTF8*$!
{
	archiveVersion = 1;
	classes = {
	};
	objectVersion = 51;
	objects = {

/* Begin PBXBuildFile section */
		34565C36D13772A3A4FE7FF1 /* Pods_D2020.framework in Frameworks */ = {isa = PBXBuildFile; fileRef = 7CD42E7013F938C7FA37C420 /* Pods_D2020.framework */; };
		5202ECEC241EE6AD007E10F6 /* optionViewController.swift in Sources */ = {isa = PBXBuildFile; fileRef = 5202ECEB241EE6AD007E10F6 /* optionViewController.swift */; };
		521CC4B3241F7379007803FD /* optionTableViewCell.swift in Sources */ = {isa = PBXBuildFile; fileRef = 521CC4B2241F7379007803FD /* optionTableViewCell.swift */; };
		521CC4B5241F7459007803FD /* option.swift in Sources */ = {isa = PBXBuildFile; fileRef = 521CC4B4241F7459007803FD /* option.swift */; };
		521CC4B7241F898F007803FD /* changeCityViewController.swift in Sources */ = {isa = PBXBuildFile; fileRef = 521CC4B6241F898F007803FD /* changeCityViewController.swift */; };
		521CC4B9241F8AF8007803FD /* changeCityTableViewCell.swift in Sources */ = {isa = PBXBuildFile; fileRef = 521CC4B8241F8AF8007803FD /* changeCityTableViewCell.swift */; };
		52E64929241E22DD00B2B0AE /* shopTypeViewController.swift in Sources */ = {isa = PBXBuildFile; fileRef = 52E64928241E22DD00B2B0AE /* shopTypeViewController.swift */; };
		52E6492B241E292300B2B0AE /* shopTypeTableViewCell.swift in Sources */ = {isa = PBXBuildFile; fileRef = 52E6492A241E292300B2B0AE /* shopTypeTableViewCell.swift */; };
		52E6492D241E34FA00B2B0AE /* shopType.swift in Sources */ = {isa = PBXBuildFile; fileRef = 52E6492C241E34FA00B2B0AE /* shopType.swift */; };
		52E6492F241E749300B2B0AE /* cityViewController.swift in Sources */ = {isa = PBXBuildFile; fileRef = 52E6492E241E749300B2B0AE /* cityViewController.swift */; };
		52E64931241E792100B2B0AE /* cityTableViewCell.swift in Sources */ = {isa = PBXBuildFile; fileRef = 52E64930241E792100B2B0AE /* cityTableViewCell.swift */; };
		52E64933241E7CA700B2B0AE /* city.swift in Sources */ = {isa = PBXBuildFile; fileRef = 52E64932241E7CA700B2B0AE /* city.swift */; };
		52E8672B241D2C2C00D7CBBC /* catagoryTableViewController.swift in Sources */ = {isa = PBXBuildFile; fileRef = 52E8672A241D2C2C00D7CBBC /* catagoryTableViewController.swift */; };
		52E8672D241D2C7200D7CBBC /* catagoryTableViewCell.swift in Sources */ = {isa = PBXBuildFile; fileRef = 52E8672C241D2C7100D7CBBC /* catagoryTableViewCell.swift */; };
		52E8672F241D2CBF00D7CBBC /* products.swift in Sources */ = {isa = PBXBuildFile; fileRef = 52E8672E241D2CBF00D7CBBC /* products.swift */; };
		8033E76B24254CA200D0F2A0 /* Constants.swift in Sources */ = {isa = PBXBuildFile; fileRef = 8033E76524254CA200D0F2A0 /* Constants.swift */; };
		8033E76C24254CA200D0F2A0 /* loading.json in Resources */ = {isa = PBXBuildFile; fileRef = 8033E76624254CA200D0F2A0 /* loading.json */; };
		8033E77524254CE700D0F2A0 /* Localizable.strings in Resources */ = {isa = PBXBuildFile; fileRef = 8033E77324254CE700D0F2A0 /* Localizable.strings */; };
		8033E77D24254D0100D0F2A0 /* BaseModel.swift in Sources */ = {isa = PBXBuildFile; fileRef = 8033E77824254D0100D0F2A0 /* BaseModel.swift */; };
		8033E77E24254D0100D0F2A0 /* Errors.swift in Sources */ = {isa = PBXBuildFile; fileRef = 8033E77924254D0100D0F2A0 /* Errors.swift */; };
		8033E77F24254D0100D0F2A0 /* SelectDropDownModel.swift in Sources */ = {isa = PBXBuildFile; fileRef = 8033E77A24254D0100D0F2A0 /* SelectDropDownModel.swift */; };
		8033E78024254D0100D0F2A0 /* TokenModel.swift in Sources */ = {isa = PBXBuildFile; fileRef = 8033E77B24254D0100D0F2A0 /* TokenModel.swift */; };
		8033E78124254D0100D0F2A0 /* User.swift in Sources */ = {isa = PBXBuildFile; fileRef = 8033E77C24254D0100D0F2A0 /* User.swift */; };
		8033E78F24254D3600D0F2A0 /* Storyboards.swift in Sources */ = {isa = PBXBuildFile; fileRef = 8033E78E24254D3600D0F2A0 /* Storyboards.swift */; };
		8033E79424254D9000D0F2A0 /* CellProtocol.swift in Sources */ = {isa = PBXBuildFile; fileRef = 8033E79124254D8F00D0F2A0 /* CellProtocol.swift */; };
		8033E79524254D9000D0F2A0 /* ExtensionUICollectionViewCell.swift in Sources */ = {isa = PBXBuildFile; fileRef = 8033E79224254D8F00D0F2A0 /* ExtensionUICollectionViewCell.swift */; };
		8033E79624254D9000D0F2A0 /* ExtensionUITableViewCell.swift in Sources */ = {isa = PBXBuildFile; fileRef = 8033E79324254D8F00D0F2A0 /* ExtensionUITableViewCell.swift */; };
		8033E79D24254DAA00D0F2A0 /* BaseController.swift in Sources */ = {isa = PBXBuildFile; fileRef = 8033E79824254DAA00D0F2A0 /* BaseController.swift */; };
		8033E79E24254DAA00D0F2A0 /* BaseViewControllerProtocol.swift in Sources */ = {isa = PBXBuildFile; fileRef = 8033E79924254DAA00D0F2A0 /* BaseViewControllerProtocol.swift */; };
		8033E7A024254DAA00D0F2A0 /* POPUPViewController.swift in Sources */ = {isa = PBXBuildFile; fileRef = 8033E79B24254DAA00D0F2A0 /* POPUPViewController.swift */; };
		8033E7A124254DAA00D0F2A0 /* PresentingViewProtocol.swift in Sources */ = {isa = PBXBuildFile; fileRef = 8033E79C24254DAA00D0F2A0 /* PresentingViewProtocol.swift */; };
		8033E7D524254E3100D0F2A0 /* SwifterSwift.swift in Sources */ = {isa = PBXBuildFile; fileRef = 8033E7A324254E3100D0F2A0 /* SwifterSwift.swift */; };
		8033E7E424254E3100D0F2A0 /* StringExtensions.swift in Sources */ = {isa = PBXBuildFile; fileRef = 8033E7B424254E3100D0F2A0 /* StringExtensions.swift */; };
		8033E7E624254E3100D0F2A0 /* FloatingLabelTextField.swift in Sources */ = {isa = PBXBuildFile; fileRef = 8033E7B724254E3100D0F2A0 /* FloatingLabelTextField.swift */; };
		8033E7E824254E3100D0F2A0 /* UIApplicationExtensions.swift in Sources */ = {isa = PBXBuildFile; fileRef = 8033E7B924254E3100D0F2A0 /* UIApplicationExtensions.swift */; };
		8033E7E924254E3100D0F2A0 /* UIBarButtonItemExtensions.swift in Sources */ = {isa = PBXBuildFile; fileRef = 8033E7BA24254E3100D0F2A0 /* UIBarButtonItemExtensions.swift */; };
		8033E7ED24254E3100D0F2A0 /* UIConstraintLayoutExtension.swift in Sources */ = {isa = PBXBuildFile; fileRef = 8033E7BE24254E3100D0F2A0 /* UIConstraintLayoutExtension.swift */; };
		8033E7F724254E3100D0F2A0 /* UISearchBarExtensions.swift in Sources */ = {isa = PBXBuildFile; fileRef = 8033E7C824254E3100D0F2A0 /* UISearchBarExtensions.swift */; };
		8033E80224254E3100D0F2A0 /* UIViewExtensions.swift in Sources */ = {isa = PBXBuildFile; fileRef = 8033E7D324254E3100D0F2A0 /* UIViewExtensions.swift */; };
		8033E80324254E3100D0F2A0 /* UIWindowExtensions.swift in Sources */ = {isa = PBXBuildFile; fileRef = 8033E7D424254E3100D0F2A0 /* UIWindowExtensions.swift */; };
		8033E8A124254FF900D0F2A0 /* AlertableHelper.swift in Sources */ = {isa = PBXBuildFile; fileRef = 8033E80624254FF900D0F2A0 /* AlertableHelper.swift */; };
		8033E8A224254FF900D0F2A0 /* PublicHelper.swift in Sources */ = {isa = PBXBuildFile; fileRef = 8033E80724254FF900D0F2A0 /* PublicHelper.swift */; };
		8033E8BB24254FF900D0F2A0 /* ApiHelpers.swift in Sources */ = {isa = PBXBuildFile; fileRef = 8033E82624254FF900D0F2A0 /* ApiHelpers.swift */; };
		8033E8BC24254FF900D0F2A0 /* ApiManager.swift in Sources */ = {isa = PBXBuildFile; fileRef = 8033E82724254FF900D0F2A0 /* ApiManager.swift */; };
		8033E8BD24254FF900D0F2A0 /* ApiProtocol.swift in Sources */ = {isa = PBXBuildFile; fileRef = 8033E82824254FF900D0F2A0 /* ApiProtocol.swift */; };
		8033E8BE24254FF900D0F2A0 /* Authorization.swift in Sources */ = {isa = PBXBuildFile; fileRef = 8033E82924254FF900D0F2A0 /* Authorization.swift */; };
		8033E8BF24254FF900D0F2A0 /* BaseApi.swift in Sources */ = {isa = PBXBuildFile; fileRef = 8033E82A24254FF900D0F2A0 /* BaseApi.swift */; };
		8033E8C124254FF900D0F2A0 /* EndPoint.swift in Sources */ = {isa = PBXBuildFile; fileRef = 8033E82C24254FF900D0F2A0 /* EndPoint.swift */; };
		8033E8C224254FF900D0F2A0 /* Paginator.swift in Sources */ = {isa = PBXBuildFile; fileRef = 8033E82D24254FF900D0F2A0 /* Paginator.swift */; };
		8033E8C324254FF900D0F2A0 /* GalleryPickerHelper.swift in Sources */ = {isa = PBXBuildFile; fileRef = 8033E82F24254FF900D0F2A0 /* GalleryPickerHelper.swift */; };
		8033E8C424254FF900D0F2A0 /* ImageDisplayController.storyboard in Resources */ = {isa = PBXBuildFile; fileRef = 8033E83024254FF900D0F2A0 /* ImageDisplayController.storyboard */; };
		8033E8C524254FF900D0F2A0 /* ImageDisplayController.swift in Sources */ = {isa = PBXBuildFile; fileRef = 8033E83124254FF900D0F2A0 /* ImageDisplayController.swift */; };
		8033E8C624254FF900D0F2A0 /* ImageHelper.swift in Sources */ = {isa = PBXBuildFile; fileRef = 8033E83224254FF900D0F2A0 /* ImageHelper.swift */; };
		8033E8CA24254FF900D0F2A0 /* UIImageViewExtension.swift in Sources */ = {isa = PBXBuildFile; fileRef = 8033E83624254FF900D0F2A0 /* UIImageViewExtension.swift */; };
		8033E8CB24254FF900D0F2A0 /* ChangeLangHelper.swift in Sources */ = {isa = PBXBuildFile; fileRef = 8033E83824254FF900D0F2A0 /* ChangeLangHelper.swift */; };
		8033E8CC24254FF900D0F2A0 /* Localization.swift in Sources */ = {isa = PBXBuildFile; fileRef = 8033E83924254FF900D0F2A0 /* Localization.swift */; };
		8033E8CD24254FF900D0F2A0 /* LocalizeDictionary.swift in Sources */ = {isa = PBXBuildFile; fileRef = 8033E83A24254FF900D0F2A0 /* LocalizeDictionary.swift */; };
		8033E8CE24254FF900D0F2A0 /* UILocalizationExtensions.swift in Sources */ = {isa = PBXBuildFile; fileRef = 8033E83B24254FF900D0F2A0 /* UILocalizationExtensions.swift */; };
		8033E8CF24254FF900D0F2A0 /* LocationHelper.swift in Sources */ = {isa = PBXBuildFile; fileRef = 8033E83D24254FF900D0F2A0 /* LocationHelper.swift */; };
		8033E8D224254FF900D0F2A0 /* PickerViewHelper.storyboard in Resources */ = {isa = PBXBuildFile; fileRef = 8033E84224254FF900D0F2A0 /* PickerViewHelper.storyboard */; };
		8033E8D324254FF900D0F2A0 /* PickerViewHelper.swift in Sources */ = {isa = PBXBuildFile; fileRef = 8033E84324254FF900D0F2A0 /* PickerViewHelper.swift */; };
		8033E8D424254FF900D0F2A0 /* SideMenuManager.swift in Sources */ = {isa = PBXBuildFile; fileRef = 8033E84624254FF900D0F2A0 /* SideMenuManager.swift */; };
		8033E8D524254FF900D0F2A0 /* SideMenuTransition.swift in Sources */ = {isa = PBXBuildFile; fileRef = 8033E84724254FF900D0F2A0 /* SideMenuTransition.swift */; };
		8033E8D624254FF900D0F2A0 /* UISideMenuNavigationController.swift in Sources */ = {isa = PBXBuildFile; fileRef = 8033E84824254FF900D0F2A0 /* UISideMenuNavigationController.swift */; };
		8033E8D724254FF900D0F2A0 /* UITableViewVibrantCell.swift in Sources */ = {isa = PBXBuildFile; fileRef = 8033E84924254FF900D0F2A0 /* UITableViewVibrantCell.swift */; };
		8033E8D824254FF900D0F2A0 /* MeneHelper.swift in Sources */ = {isa = PBXBuildFile; fileRef = 8033E84A24254FF900D0F2A0 /* MeneHelper.swift */; };
		8033E8D924254FF900D0F2A0 /* Menu.storyboard in Resources */ = {isa = PBXBuildFile; fileRef = 8033E84B24254FF900D0F2A0 /* Menu.storyboard */; };
		8033E8DA24254FF900D0F2A0 /* MenuCell.swift in Sources */ = {isa = PBXBuildFile; fileRef = 8033E84C24254FF900D0F2A0 /* MenuCell.swift */; };
		8033E8DB24254FF900D0F2A0 /* MenuVC.swift in Sources */ = {isa = PBXBuildFile; fileRef = 8033E84D24254FF900D0F2A0 /* MenuVC.swift */; };
		8033E8E824254FF900D0F2A0 /* SwipeRefresh.swift in Sources */ = {isa = PBXBuildFile; fileRef = 8033E86024254FF900D0F2A0 /* SwipeRefresh.swift */; };
		8033E8F424254FF900D0F2A0 /* CardHolderHelper.swift in Sources */ = {isa = PBXBuildFile; fileRef = 8033E87024254FF900D0F2A0 /* CardHolderHelper.swift */; };
		8033E8FB24254FF900D0F2A0 /* Initial.swift in Sources */ = {isa = PBXBuildFile; fileRef = 8033E87A24254FF900D0F2A0 /* Initial.swift */; };
		8033E8FC24254FF900D0F2A0 /* Radio.xib in Resources */ = {isa = PBXBuildFile; fileRef = 8033E87C24254FF900D0F2A0 /* Radio.xib */; };
		8033E8FD24254FF900D0F2A0 /* RadioButton.swift in Sources */ = {isa = PBXBuildFile; fileRef = 8033E87D24254FF900D0F2A0 /* RadioButton.swift */; };
		8033E8FE24254FF900D0F2A0 /* RadioView.swift in Sources */ = {isa = PBXBuildFile; fileRef = 8033E87E24254FF900D0F2A0 /* RadioView.swift */; };
		8033E8FF24254FF900D0F2A0 /* RadioView.xib in Resources */ = {isa = PBXBuildFile; fileRef = 8033E87F24254FF900D0F2A0 /* RadioView.xib */; };
		8033E90324254FF900D0F2A0 /* SearchBarHelper.swift in Sources */ = {isa = PBXBuildFile; fileRef = 8033E88424254FF900D0F2A0 /* SearchBarHelper.swift */; };
		8033E90424254FF900D0F2A0 /* TTGSnackbar.swift in Sources */ = {isa = PBXBuildFile; fileRef = 8033E88724254FF900D0F2A0 /* TTGSnackbar.swift */; };
		8033E90624254FF900D0F2A0 /* UITabHelper.swift in Sources */ = {isa = PBXBuildFile; fileRef = 8033E88A24254FF900D0F2A0 /* UITabHelper.swift */; };
		8033E91B2425554E00D0F2A0 /* UIStoryboardExtensions.swift in Sources */ = {isa = PBXBuildFile; fileRef = 8033E91A2425554E00D0F2A0 /* UIStoryboardExtensions.swift */; };
		8033E91F24256BC800D0F2A0 /* Auth.storyboard in Resources */ = {isa = PBXBuildFile; fileRef = 8033E91E24256BC800D0F2A0 /* Auth.storyboard */; };
		8033E92324257BD500D0F2A0 /* Category.storyboard in Resources */ = {isa = PBXBuildFile; fileRef = 8033E92224257BD500D0F2A0 /* Category.storyboard */; };
		8033E92524257C5600D0F2A0 /* StoreDetail.storyboard in Resources */ = {isa = PBXBuildFile; fileRef = 8033E92424257C5600D0F2A0 /* StoreDetail.storyboard */; };
		8033E92724257D5B00D0F2A0 /* CreateStore.storyboard in Resources */ = {isa = PBXBuildFile; fileRef = 8033E92624257D5B00D0F2A0 /* CreateStore.storyboard */; };
		8033E92924257E5F00D0F2A0 /* Popup.storyboard in Resources */ = {isa = PBXBuildFile; fileRef = 8033E92824257E5F00D0F2A0 /* Popup.storyboard */; };
		CD472DF02422509D0017E43C /* DriversMapVC.swift in Sources */ = {isa = PBXBuildFile; fileRef = CD472DEF2422509D0017E43C /* DriversMapVC.swift */; };
		CD472DF3242259660017E43C /* DriversVC.swift in Sources */ = {isa = PBXBuildFile; fileRef = CD472DF2242259660017E43C /* DriversVC.swift */; };
		CD472DF5242259870017E43C /* DriversCell.swift in Sources */ = {isa = PBXBuildFile; fileRef = CD472DF4242259870017E43C /* DriversCell.swift */; };
		CD472DFF24226D9F0017E43C /* MapAnnotationsView.swift in Sources */ = {isa = PBXBuildFile; fileRef = CD472DFE24226D9F0017E43C /* MapAnnotationsView.swift */; };
		FA1FEF24240ED1FE002AABE7 /* PremiumProductsVC.swift in Sources */ = {isa = PBXBuildFile; fileRef = FA1FEF23240ED1FE002AABE7 /* PremiumProductsVC.swift */; };
		FA1FEF26240ED23F002AABE7 /* PremiumVC.swift in Sources */ = {isa = PBXBuildFile; fileRef = FA1FEF25240ED23F002AABE7 /* PremiumVC.swift */; };
		FA25201823FC3D4C004D8F32 /* CategoryVC.swift in Sources */ = {isa = PBXBuildFile; fileRef = FA25201723FC3D4C004D8F32 /* CategoryVC.swift */; };
		FA25201B23FC3DF4004D8F32 /* Category.swift in Sources */ = {isa = PBXBuildFile; fileRef = FA25201A23FC3DF4004D8F32 /* Category.swift */; };
		FA274153240093FF00E449A7 /* ProductCell.swift in Sources */ = {isa = PBXBuildFile; fileRef = FA274152240093FF00E449A7 /* ProductCell.swift */; };
		FA2BAEDA2420D884002E6505 /* AddProductShopVC.swift in Sources */ = {isa = PBXBuildFile; fileRef = FA2BAED92420D883002E6505 /* AddProductShopVC.swift */; };
		FA2BAEDC2420D8A8002E6505 /* EditAddProductVC.swift in Sources */ = {isa = PBXBuildFile; fileRef = FA2BAEDB2420D8A8002E6505 /* EditAddProductVC.swift */; };
		FA2BAEDE2420D9A0002E6505 /* slideShowCollectionViewCell.swift in Sources */ = {isa = PBXBuildFile; fileRef = FA2BAEDD2420D9A0002E6505 /* slideShowCollectionViewCell.swift */; };
		FA2BAEE02420D9CB002E6505 /* slideShow.swift in Sources */ = {isa = PBXBuildFile; fileRef = FA2BAEDF2420D9CB002E6505 /* slideShow.swift */; };
		FA2BAEE22420D9D7002E6505 /* productsCollectionViewCell.swift in Sources */ = {isa = PBXBuildFile; fileRef = FA2BAEE12420D9D7002E6505 /* productsCollectionViewCell.swift */; };
		FA2BAEE42421001E002E6505 /* CountryViewController.swift in Sources */ = {isa = PBXBuildFile; fileRef = FA2BAEE32421001E002E6505 /* CountryViewController.swift */; };
		FA2BAEE624210086002E6505 /* CountryTableViewCell.swift in Sources */ = {isa = PBXBuildFile; fileRef = FA2BAEE524210086002E6505 /* CountryTableViewCell.swift */; };
		FA2BAEE8242100F6002E6505 /* CountryModel.swift in Sources */ = {isa = PBXBuildFile; fileRef = FA2BAEE7242100F6002E6505 /* CountryModel.swift */; };
		FA2BAEEC24214C7A002E6505 /* profileViewController.swift in Sources */ = {isa = PBXBuildFile; fileRef = FA2BAEEB24214C7A002E6505 /* profileViewController.swift */; };
		FA2BAEEE24214CAB002E6505 /* editProfileViewController.swift in Sources */ = {isa = PBXBuildFile; fileRef = FA2BAEED24214CAB002E6505 /* editProfileViewController.swift */; };
		FA2BAEF02421518B002E6505 /* updateProfileViewController.swift in Sources */ = {isa = PBXBuildFile; fileRef = FA2BAEEF2421518A002E6505 /* updateProfileViewController.swift */; };
		FA53ED8424067BF800A037E9 /* WalkThroughContentVC.swift in Sources */ = {isa = PBXBuildFile; fileRef = FA53ED8324067BF800A037E9 /* WalkThroughContentVC.swift */; };
		FA53ED86240682BB00A037E9 /* WalkthroughPageViewController.swift in Sources */ = {isa = PBXBuildFile; fileRef = FA53ED85240682BB00A037E9 /* WalkthroughPageViewController.swift */; };
		FA53ED88240687DE00A037E9 /* WalkthroughVC.swift in Sources */ = {isa = PBXBuildFile; fileRef = FA53ED87240687DE00A037E9 /* WalkthroughVC.swift */; };
		FA5680F323FB51B40099F94C /* ArbFONTS-Sukar Bold.ttf in Resources */ = {isa = PBXBuildFile; fileRef = FA5680ED23FB51B40099F94C /* ArbFONTS-Sukar Bold.ttf */; };
		FA569E57240E6538004507C3 /* NotificationsVC.swift in Sources */ = {isa = PBXBuildFile; fileRef = FA569E56240E6538004507C3 /* NotificationsVC.swift */; };
		FA569E59240E65A3004507C3 /* NotificationsCell.swift in Sources */ = {isa = PBXBuildFile; fileRef = FA569E58240E65A3004507C3 /* NotificationsCell.swift */; };
		FA5C34B223FD40740016DBFE /* CategoryCell.swift in Sources */ = {isa = PBXBuildFile; fileRef = FA5C34B023FD40740016DBFE /* CategoryCell.swift */; };
		FA5C6DDB24015A1700E11A98 /* SelectedCategoryVC.swift in Sources */ = {isa = PBXBuildFile; fileRef = FA5C6DDA24015A1700E11A98 /* SelectedCategoryVC.swift */; };
		FA5C6DDD24015A8300E11A98 /* SelectedCategoryCell.swift in Sources */ = {isa = PBXBuildFile; fileRef = FA5C6DDC24015A8300E11A98 /* SelectedCategoryCell.swift */; };
		FA5D914523F953DC0004CBEB /* newCustomer.swift in Sources */ = {isa = PBXBuildFile; fileRef = FA5D914423F953DB0004CBEB /* newCustomer.swift */; };
		FA5D914F23F984C90004CBEB /* RegisterLocationVC.swift in Sources */ = {isa = PBXBuildFile; fileRef = FA5D914E23F984C90004CBEB /* RegisterLocationVC.swift */; };
		FA5E6E4F240BDC1F00041736 /* ForRentCell.swift in Sources */ = {isa = PBXBuildFile; fileRef = FA5E6E4E240BDC1F00041736 /* ForRentCell.swift */; };
		FA5E6E51240C119800041736 /* AgentsCell.swift in Sources */ = {isa = PBXBuildFile; fileRef = FA5E6E50240C119800041736 /* AgentsCell.swift */; };
		FA5F546C23F5933B00E7F40B /* AppDelegate.swift in Sources */ = {isa = PBXBuildFile; fileRef = FA5F546B23F5933B00E7F40B /* AppDelegate.swift */; };
		FA5F547023F5933B00E7F40B /* ViewController.swift in Sources */ = {isa = PBXBuildFile; fileRef = FA5F546F23F5933B00E7F40B /* ViewController.swift */; };
		FA5F547323F5933B00E7F40B /* Main.storyboard in Resources */ = {isa = PBXBuildFile; fileRef = FA5F547123F5933B00E7F40B /* Main.storyboard */; };
		FA5F547523F5934000E7F40B /* Assets.xcassets in Resources */ = {isa = PBXBuildFile; fileRef = FA5F547423F5934000E7F40B /* Assets.xcassets */; };
		FA5F547823F5934000E7F40B /* LaunchScreen.storyboard in Resources */ = {isa = PBXBuildFile; fileRef = FA5F547623F5934000E7F40B /* LaunchScreen.storyboard */; };
		FA60429023FC026B00BC1C62 /* PromoContentVC.swift in Sources */ = {isa = PBXBuildFile; fileRef = FA60428F23FC026B00BC1C62 /* PromoContentVC.swift */; };
		FA60429223FC033700BC1C62 /* HomeVC.swift in Sources */ = {isa = PBXBuildFile; fileRef = FA60429123FC033700BC1C62 /* HomeVC.swift */; };
		FA6294642406B66D00308F25 /* OnBoardingVC.swift in Sources */ = {isa = PBXBuildFile; fileRef = FA6294632406B66D00308F25 /* OnBoardingVC.swift */; };
		FA6294672406B6EA00308F25 /* ATCClassicWalkthroughViewController.swift in Sources */ = {isa = PBXBuildFile; fileRef = FA6294652406B6EA00308F25 /* ATCClassicWalkthroughViewController.swift */; };
		FA6294682406B6EA00308F25 /* ATCClassicWalkthroughViewController.xib in Resources */ = {isa = PBXBuildFile; fileRef = FA6294662406B6EA00308F25 /* ATCClassicWalkthroughViewController.xib */; };
		FA62946B2406B73100308F25 /* ATCWalkthroughViewController.swift in Sources */ = {isa = PBXBuildFile; fileRef = FA6294692406B73100308F25 /* ATCWalkthroughViewController.swift */; };
		FA62946C2406B73100308F25 /* ATCWalkthroughViewController.xib in Resources */ = {isa = PBXBuildFile; fileRef = FA62946A2406B73100308F25 /* ATCWalkthroughViewController.xib */; };
		FA62946E2406B86400308F25 /* ATCWalkthroughModel.swift in Sources */ = {isa = PBXBuildFile; fileRef = FA62946D2406B86400308F25 /* ATCWalkthroughModel.swift */; };
		FA6294722406CFC200308F25 /* PageViewController.swift in Sources */ = {isa = PBXBuildFile; fileRef = FA6294712406CFC200308F25 /* PageViewController.swift */; };
		FA6294742406D03700308F25 /* PageControlTests.swift in Sources */ = {isa = PBXBuildFile; fileRef = FA6294732406D03700308F25 /* PageControlTests.swift */; };
		FA6294762406D0A000308F25 /* PageControlUITests.swift in Sources */ = {isa = PBXBuildFile; fileRef = FA6294752406D0A000308F25 /* PageControlUITests.swift */; };
		FA64D31823FEB6D000D18958 /* EachCategoryVC.swift in Sources */ = {isa = PBXBuildFile; fileRef = FA64D31723FEB6D000D18958 /* EachCategoryVC.swift */; };
		FA64D31B23FEB91A00D18958 /* SubCategoryCell.swift in Sources */ = {isa = PBXBuildFile; fileRef = FA64D31923FEB91A00D18958 /* SubCategoryCell.swift */; };
		FA64D31C23FEB91A00D18958 /* SubCategoryCell.xib in Resources */ = {isa = PBXBuildFile; fileRef = FA64D31A23FEB91A00D18958 /* SubCategoryCell.xib */; };
		FA64D31F23FEB97300D18958 /* AfterSelectingCell.swift in Sources */ = {isa = PBXBuildFile; fileRef = FA64D31D23FEB97300D18958 /* AfterSelectingCell.swift */; };
		FA66C90F2403565E00CD6B95 /* NewAdsMan.swift in Sources */ = {isa = PBXBuildFile; fileRef = FA66C90E2403565D00CD6B95 /* NewAdsMan.swift */; };
		FA66FE73240FAF9D00AFC774 /* PremiumWorkTimeVC.swift in Sources */ = {isa = PBXBuildFile; fileRef = FA66FE72240FAF9D00AFC774 /* PremiumWorkTimeVC.swift */; };
		FA66FE75240FB0A700AFC774 /* PremiumWorkTimeCell.swift in Sources */ = {isa = PBXBuildFile; fileRef = FA66FE74240FB0A700AFC774 /* PremiumWorkTimeCell.swift */; };
		FA66FE77240FBFEA00AFC774 /* PremiumContacts.swift in Sources */ = {isa = PBXBuildFile; fileRef = FA66FE76240FBFEA00AFC774 /* PremiumContacts.swift */; };
		FA66FE79240FC02000AFC774 /* PremiumContactsCell.swift in Sources */ = {isa = PBXBuildFile; fileRef = FA66FE78240FC02000AFC774 /* PremiumContactsCell.swift */; };
		FA66FE7B240FEF0D00AFC774 /* PremiumServicesCell.swift in Sources */ = {isa = PBXBuildFile; fileRef = FA66FE7A240FEF0D00AFC774 /* PremiumServicesCell.swift */; };
		FA66FE7D2410027B00AFC774 /* SavedVC.swift in Sources */ = {isa = PBXBuildFile; fileRef = FA66FE7C2410027B00AFC774 /* SavedVC.swift */; };
		FA66FE7F24100E3400AFC774 /* ShopsSaved.swift in Sources */ = {isa = PBXBuildFile; fileRef = FA66FE7E24100E3400AFC774 /* ShopsSaved.swift */; };
		FA66FE8124101CB200AFC774 /* SavedShopsVC.swift in Sources */ = {isa = PBXBuildFile; fileRef = FA66FE8024101CB200AFC774 /* SavedShopsVC.swift */; };
		FA68A230240D34F2004C8316 /* QRCodeVC.swift in Sources */ = {isa = PBXBuildFile; fileRef = FA68A22F240D34F2004C8316 /* QRCodeVC.swift */; };
		FA68E21A240EEDF70015C96E /* PremiumProductsCell.swift in Sources */ = {isa = PBXBuildFile; fileRef = FA68E219240EEDF70015C96E /* PremiumProductsCell.swift */; };
		FA68E21C240EFEA50015C96E /* PremiumContentVC.swift in Sources */ = {isa = PBXBuildFile; fileRef = FA68E21B240EFEA50015C96E /* PremiumContentVC.swift */; };
		FA6D98E4241121F400D71D3C /* ShopsAddedCell.swift in Sources */ = {isa = PBXBuildFile; fileRef = FA6D98E3241121F400D71D3C /* ShopsAddedCell.swift */; };
		FA6D98E62411242500D71D3C /* AddShopVC.swift in Sources */ = {isa = PBXBuildFile; fileRef = FA6D98E52411242500D71D3C /* AddShopVC.swift */; };
		FA6E33CC241FF50C00BFAFED /* PageViewControllerA.swift in Sources */ = {isa = PBXBuildFile; fileRef = FA6E33CA241FF50C00BFAFED /* PageViewControllerA.swift */; };
		FA6E33CD241FF50C00BFAFED /* ThirdVC.swift in Sources */ = {isa = PBXBuildFile; fileRef = FA6E33C8241FF50C00BFAFED /* ThirdVC.swift */; };
		FA6E33CE241FF50C00BFAFED /* SecondVC.swift in Sources */ = {isa = PBXBuildFile; fileRef = FA6E33CB241FF50C00BFAFED /* SecondVC.swift */; };
		FA6E33CF241FF50C00BFAFED /* FirstVC.swift in Sources */ = {isa = PBXBuildFile; fileRef = FA6E33C9241FF50C00BFAFED /* FirstVC.swift */; };
		FA6E33D1241FF5F000BFAFED /* CurrentLocationVC.swift in Sources */ = {isa = PBXBuildFile; fileRef = FA6E33D0241FF5F000BFAFED /* CurrentLocationVC.swift */; };
		FA707D232418F878001BC8CE /* PromoContentVCC.swift in Sources */ = {isa = PBXBuildFile; fileRef = FA707D222418F878001BC8CE /* PromoContentVCC.swift */; };
		FA842A352416A0F40042DB49 /* AddShopDetailVC.swift in Sources */ = {isa = PBXBuildFile; fileRef = FA842A342416A0F40042DB49 /* AddShopDetailVC.swift */; };
		FA85AEC424180320008EAD50 /* ShopOwnerProducts.swift in Sources */ = {isa = PBXBuildFile; fileRef = FA85AEC324180320008EAD50 /* ShopOwnerProducts.swift */; };
		FA85AEC62418043A008EAD50 /* ShopOwnerProfileVC.swift in Sources */ = {isa = PBXBuildFile; fileRef = FA85AEC52418043A008EAD50 /* ShopOwnerProfileVC.swift */; };
		FAAC60F623F839DD007EB8E7 /* RoundedViews.swift in Sources */ = {isa = PBXBuildFile; fileRef = FAAC60F523F839DD007EB8E7 /* RoundedViews.swift */; };
		FACD6512240176F500B65A08 /* ProfileContentVC.swift in Sources */ = {isa = PBXBuildFile; fileRef = FACD6511240176F500B65A08 /* ProfileContentVC.swift */; };
		FACD6514240177A400B65A08 /* ProfileVC.swift in Sources */ = {isa = PBXBuildFile; fileRef = FACD6513240177A400B65A08 /* ProfileVC.swift */; };
		FACD65162401888D00B65A08 /* ProfileCollectionViewCell.swift in Sources */ = {isa = PBXBuildFile; fileRef = FACD65152401888D00B65A08 /* ProfileCollectionViewCell.swift */; };
/* End PBXBuildFile section */

/* Begin PBXFileReference section */
		5202ECEB241EE6AD007E10F6 /* optionViewController.swift */ = {isa = PBXFileReference; lastKnownFileType = sourcecode.swift; path = optionViewController.swift; sourceTree = "<group>"; };
		521CC4B2241F7379007803FD /* optionTableViewCell.swift */ = {isa = PBXFileReference; lastKnownFileType = sourcecode.swift; path = optionTableViewCell.swift; sourceTree = "<group>"; };
		521CC4B4241F7459007803FD /* option.swift */ = {isa = PBXFileReference; lastKnownFileType = sourcecode.swift; path = option.swift; sourceTree = "<group>"; };
		521CC4B6241F898F007803FD /* changeCityViewController.swift */ = {isa = PBXFileReference; lastKnownFileType = sourcecode.swift; path = changeCityViewController.swift; sourceTree = "<group>"; };
		521CC4B8241F8AF8007803FD /* changeCityTableViewCell.swift */ = {isa = PBXFileReference; lastKnownFileType = sourcecode.swift; path = changeCityTableViewCell.swift; sourceTree = "<group>"; };
		52E64928241E22DD00B2B0AE /* shopTypeViewController.swift */ = {isa = PBXFileReference; lastKnownFileType = sourcecode.swift; path = shopTypeViewController.swift; sourceTree = "<group>"; };
		52E6492A241E292300B2B0AE /* shopTypeTableViewCell.swift */ = {isa = PBXFileReference; lastKnownFileType = sourcecode.swift; path = shopTypeTableViewCell.swift; sourceTree = "<group>"; };
		52E6492C241E34FA00B2B0AE /* shopType.swift */ = {isa = PBXFileReference; lastKnownFileType = sourcecode.swift; path = shopType.swift; sourceTree = "<group>"; };
		52E6492E241E749300B2B0AE /* cityViewController.swift */ = {isa = PBXFileReference; lastKnownFileType = sourcecode.swift; path = cityViewController.swift; sourceTree = "<group>"; };
		52E64930241E792100B2B0AE /* cityTableViewCell.swift */ = {isa = PBXFileReference; lastKnownFileType = sourcecode.swift; path = cityTableViewCell.swift; sourceTree = "<group>"; };
		52E64932241E7CA700B2B0AE /* city.swift */ = {isa = PBXFileReference; lastKnownFileType = sourcecode.swift; path = city.swift; sourceTree = "<group>"; };
		52E8672A241D2C2C00D7CBBC /* catagoryTableViewController.swift */ = {isa = PBXFileReference; fileEncoding = 4; lastKnownFileType = sourcecode.swift; path = catagoryTableViewController.swift; sourceTree = "<group>"; };
		52E8672C241D2C7100D7CBBC /* catagoryTableViewCell.swift */ = {isa = PBXFileReference; fileEncoding = 4; lastKnownFileType = sourcecode.swift; path = catagoryTableViewCell.swift; sourceTree = "<group>"; };
		52E8672E241D2CBF00D7CBBC /* products.swift */ = {isa = PBXFileReference; fileEncoding = 4; lastKnownFileType = sourcecode.swift; path = products.swift; sourceTree = "<group>"; };
		7CD42E7013F938C7FA37C420 /* Pods_D2020.framework */ = {isa = PBXFileReference; explicitFileType = wrapper.framework; includeInIndex = 0; path = Pods_D2020.framework; sourceTree = BUILT_PRODUCTS_DIR; };
		8033E76524254CA200D0F2A0 /* Constants.swift */ = {isa = PBXFileReference; fileEncoding = 4; lastKnownFileType = sourcecode.swift; path = Constants.swift; sourceTree = "<group>"; };
		8033E76624254CA200D0F2A0 /* loading.json */ = {isa = PBXFileReference; fileEncoding = 4; lastKnownFileType = text.json; path = loading.json; sourceTree = "<group>"; };
		8033E77424254CE700D0F2A0 /* ar */ = {isa = PBXFileReference; lastKnownFileType = text.plist.strings; name = ar; path = ar.lproj/Localizable.strings; sourceTree = "<group>"; };
		8033E77624254CED00D0F2A0 /* en */ = {isa = PBXFileReference; lastKnownFileType = text.plist.strings; name = en; path = en.lproj/Localizable.strings; sourceTree = "<group>"; };
		8033E77824254D0100D0F2A0 /* BaseModel.swift */ = {isa = PBXFileReference; fileEncoding = 4; lastKnownFileType = sourcecode.swift; path = BaseModel.swift; sourceTree = "<group>"; };
		8033E77924254D0100D0F2A0 /* Errors.swift */ = {isa = PBXFileReference; fileEncoding = 4; lastKnownFileType = sourcecode.swift; path = Errors.swift; sourceTree = "<group>"; };
		8033E77A24254D0100D0F2A0 /* SelectDropDownModel.swift */ = {isa = PBXFileReference; fileEncoding = 4; lastKnownFileType = sourcecode.swift; path = SelectDropDownModel.swift; sourceTree = "<group>"; };
		8033E77B24254D0100D0F2A0 /* TokenModel.swift */ = {isa = PBXFileReference; fileEncoding = 4; lastKnownFileType = sourcecode.swift; path = TokenModel.swift; sourceTree = "<group>"; };
		8033E77C24254D0100D0F2A0 /* User.swift */ = {isa = PBXFileReference; fileEncoding = 4; lastKnownFileType = sourcecode.swift; path = User.swift; sourceTree = "<group>"; };
		8033E78E24254D3600D0F2A0 /* Storyboards.swift */ = {isa = PBXFileReference; fileEncoding = 4; lastKnownFileType = sourcecode.swift; path = Storyboards.swift; sourceTree = "<group>"; };
		8033E79124254D8F00D0F2A0 /* CellProtocol.swift */ = {isa = PBXFileReference; fileEncoding = 4; lastKnownFileType = sourcecode.swift; path = CellProtocol.swift; sourceTree = "<group>"; };
		8033E79224254D8F00D0F2A0 /* ExtensionUICollectionViewCell.swift */ = {isa = PBXFileReference; fileEncoding = 4; lastKnownFileType = sourcecode.swift; path = ExtensionUICollectionViewCell.swift; sourceTree = "<group>"; };
		8033E79324254D8F00D0F2A0 /* ExtensionUITableViewCell.swift */ = {isa = PBXFileReference; fileEncoding = 4; lastKnownFileType = sourcecode.swift; path = ExtensionUITableViewCell.swift; sourceTree = "<group>"; };
		8033E79824254DAA00D0F2A0 /* BaseController.swift */ = {isa = PBXFileReference; fileEncoding = 4; lastKnownFileType = sourcecode.swift; path = BaseController.swift; sourceTree = "<group>"; };
		8033E79924254DAA00D0F2A0 /* BaseViewControllerProtocol.swift */ = {isa = PBXFileReference; fileEncoding = 4; lastKnownFileType = sourcecode.swift; path = BaseViewControllerProtocol.swift; sourceTree = "<group>"; };
		8033E79B24254DAA00D0F2A0 /* POPUPViewController.swift */ = {isa = PBXFileReference; fileEncoding = 4; lastKnownFileType = sourcecode.swift; path = POPUPViewController.swift; sourceTree = "<group>"; };
		8033E79C24254DAA00D0F2A0 /* PresentingViewProtocol.swift */ = {isa = PBXFileReference; fileEncoding = 4; lastKnownFileType = sourcecode.swift; path = PresentingViewProtocol.swift; sourceTree = "<group>"; };
		8033E7A324254E3100D0F2A0 /* SwifterSwift.swift */ = {isa = PBXFileReference; fileEncoding = 4; lastKnownFileType = sourcecode.swift; path = SwifterSwift.swift; sourceTree = "<group>"; };
		8033E7B424254E3100D0F2A0 /* StringExtensions.swift */ = {isa = PBXFileReference; fileEncoding = 4; lastKnownFileType = sourcecode.swift; path = StringExtensions.swift; sourceTree = "<group>"; };
		8033E7B724254E3100D0F2A0 /* FloatingLabelTextField.swift */ = {isa = PBXFileReference; fileEncoding = 4; lastKnownFileType = sourcecode.swift; path = FloatingLabelTextField.swift; sourceTree = "<group>"; };
		8033E7B924254E3100D0F2A0 /* UIApplicationExtensions.swift */ = {isa = PBXFileReference; fileEncoding = 4; lastKnownFileType = sourcecode.swift; path = UIApplicationExtensions.swift; sourceTree = "<group>"; };
		8033E7BA24254E3100D0F2A0 /* UIBarButtonItemExtensions.swift */ = {isa = PBXFileReference; fileEncoding = 4; lastKnownFileType = sourcecode.swift; path = UIBarButtonItemExtensions.swift; sourceTree = "<group>"; };
		8033E7BE24254E3100D0F2A0 /* UIConstraintLayoutExtension.swift */ = {isa = PBXFileReference; fileEncoding = 4; lastKnownFileType = sourcecode.swift; path = UIConstraintLayoutExtension.swift; sourceTree = "<group>"; };
		8033E7C824254E3100D0F2A0 /* UISearchBarExtensions.swift */ = {isa = PBXFileReference; fileEncoding = 4; lastKnownFileType = sourcecode.swift; path = UISearchBarExtensions.swift; sourceTree = "<group>"; };
		8033E7D324254E3100D0F2A0 /* UIViewExtensions.swift */ = {isa = PBXFileReference; fileEncoding = 4; lastKnownFileType = sourcecode.swift; path = UIViewExtensions.swift; sourceTree = "<group>"; };
		8033E7D424254E3100D0F2A0 /* UIWindowExtensions.swift */ = {isa = PBXFileReference; fileEncoding = 4; lastKnownFileType = sourcecode.swift; path = UIWindowExtensions.swift; sourceTree = "<group>"; };
		8033E80624254FF900D0F2A0 /* AlertableHelper.swift */ = {isa = PBXFileReference; fileEncoding = 4; lastKnownFileType = sourcecode.swift; path = AlertableHelper.swift; sourceTree = "<group>"; };
		8033E80724254FF900D0F2A0 /* PublicHelper.swift */ = {isa = PBXFileReference; fileEncoding = 4; lastKnownFileType = sourcecode.swift; path = PublicHelper.swift; sourceTree = "<group>"; };
		8033E82624254FF900D0F2A0 /* ApiHelpers.swift */ = {isa = PBXFileReference; fileEncoding = 4; lastKnownFileType = sourcecode.swift; path = ApiHelpers.swift; sourceTree = "<group>"; };
		8033E82724254FF900D0F2A0 /* ApiManager.swift */ = {isa = PBXFileReference; fileEncoding = 4; lastKnownFileType = sourcecode.swift; path = ApiManager.swift; sourceTree = "<group>"; };
		8033E82824254FF900D0F2A0 /* ApiProtocol.swift */ = {isa = PBXFileReference; fileEncoding = 4; lastKnownFileType = sourcecode.swift; path = ApiProtocol.swift; sourceTree = "<group>"; };
		8033E82924254FF900D0F2A0 /* Authorization.swift */ = {isa = PBXFileReference; fileEncoding = 4; lastKnownFileType = sourcecode.swift; path = Authorization.swift; sourceTree = "<group>"; };
		8033E82A24254FF900D0F2A0 /* BaseApi.swift */ = {isa = PBXFileReference; fileEncoding = 4; lastKnownFileType = sourcecode.swift; path = BaseApi.swift; sourceTree = "<group>"; };
		8033E82C24254FF900D0F2A0 /* EndPoint.swift */ = {isa = PBXFileReference; fileEncoding = 4; lastKnownFileType = sourcecode.swift; path = EndPoint.swift; sourceTree = "<group>"; };
		8033E82D24254FF900D0F2A0 /* Paginator.swift */ = {isa = PBXFileReference; fileEncoding = 4; lastKnownFileType = sourcecode.swift; path = Paginator.swift; sourceTree = "<group>"; };
		8033E82F24254FF900D0F2A0 /* GalleryPickerHelper.swift */ = {isa = PBXFileReference; fileEncoding = 4; lastKnownFileType = sourcecode.swift; path = GalleryPickerHelper.swift; sourceTree = "<group>"; };
		8033E83024254FF900D0F2A0 /* ImageDisplayController.storyboard */ = {isa = PBXFileReference; fileEncoding = 4; lastKnownFileType = file.storyboard; path = ImageDisplayController.storyboard; sourceTree = "<group>"; };
		8033E83124254FF900D0F2A0 /* ImageDisplayController.swift */ = {isa = PBXFileReference; fileEncoding = 4; lastKnownFileType = sourcecode.swift; path = ImageDisplayController.swift; sourceTree = "<group>"; };
		8033E83224254FF900D0F2A0 /* ImageHelper.swift */ = {isa = PBXFileReference; fileEncoding = 4; lastKnownFileType = sourcecode.swift; path = ImageHelper.swift; sourceTree = "<group>"; };
		8033E83624254FF900D0F2A0 /* UIImageViewExtension.swift */ = {isa = PBXFileReference; fileEncoding = 4; lastKnownFileType = sourcecode.swift; path = UIImageViewExtension.swift; sourceTree = "<group>"; };
		8033E83824254FF900D0F2A0 /* ChangeLangHelper.swift */ = {isa = PBXFileReference; fileEncoding = 4; lastKnownFileType = sourcecode.swift; path = ChangeLangHelper.swift; sourceTree = "<group>"; };
		8033E83924254FF900D0F2A0 /* Localization.swift */ = {isa = PBXFileReference; fileEncoding = 4; lastKnownFileType = sourcecode.swift; path = Localization.swift; sourceTree = "<group>"; };
		8033E83A24254FF900D0F2A0 /* LocalizeDictionary.swift */ = {isa = PBXFileReference; fileEncoding = 4; lastKnownFileType = sourcecode.swift; path = LocalizeDictionary.swift; sourceTree = "<group>"; };
		8033E83B24254FF900D0F2A0 /* UILocalizationExtensions.swift */ = {isa = PBXFileReference; fileEncoding = 4; lastKnownFileType = sourcecode.swift; path = UILocalizationExtensions.swift; sourceTree = "<group>"; };
		8033E83D24254FF900D0F2A0 /* LocationHelper.swift */ = {isa = PBXFileReference; fileEncoding = 4; lastKnownFileType = sourcecode.swift; path = LocationHelper.swift; sourceTree = "<group>"; };
		8033E84224254FF900D0F2A0 /* PickerViewHelper.storyboard */ = {isa = PBXFileReference; fileEncoding = 4; lastKnownFileType = file.storyboard; path = PickerViewHelper.storyboard; sourceTree = "<group>"; };
		8033E84324254FF900D0F2A0 /* PickerViewHelper.swift */ = {isa = PBXFileReference; fileEncoding = 4; lastKnownFileType = sourcecode.swift; path = PickerViewHelper.swift; sourceTree = "<group>"; };
		8033E84624254FF900D0F2A0 /* SideMenuManager.swift */ = {isa = PBXFileReference; fileEncoding = 4; lastKnownFileType = sourcecode.swift; path = SideMenuManager.swift; sourceTree = "<group>"; };
		8033E84724254FF900D0F2A0 /* SideMenuTransition.swift */ = {isa = PBXFileReference; fileEncoding = 4; lastKnownFileType = sourcecode.swift; path = SideMenuTransition.swift; sourceTree = "<group>"; };
		8033E84824254FF900D0F2A0 /* UISideMenuNavigationController.swift */ = {isa = PBXFileReference; fileEncoding = 4; lastKnownFileType = sourcecode.swift; path = UISideMenuNavigationController.swift; sourceTree = "<group>"; };
		8033E84924254FF900D0F2A0 /* UITableViewVibrantCell.swift */ = {isa = PBXFileReference; fileEncoding = 4; lastKnownFileType = sourcecode.swift; path = UITableViewVibrantCell.swift; sourceTree = "<group>"; };
		8033E84A24254FF900D0F2A0 /* MeneHelper.swift */ = {isa = PBXFileReference; fileEncoding = 4; lastKnownFileType = sourcecode.swift; path = MeneHelper.swift; sourceTree = "<group>"; };
		8033E84B24254FF900D0F2A0 /* Menu.storyboard */ = {isa = PBXFileReference; fileEncoding = 4; lastKnownFileType = file.storyboard; path = Menu.storyboard; sourceTree = "<group>"; };
		8033E84C24254FF900D0F2A0 /* MenuCell.swift */ = {isa = PBXFileReference; fileEncoding = 4; lastKnownFileType = sourcecode.swift; path = MenuCell.swift; sourceTree = "<group>"; };
		8033E84D24254FF900D0F2A0 /* MenuVC.swift */ = {isa = PBXFileReference; fileEncoding = 4; lastKnownFileType = sourcecode.swift; path = MenuVC.swift; sourceTree = "<group>"; };
		8033E86024254FF900D0F2A0 /* SwipeRefresh.swift */ = {isa = PBXFileReference; fileEncoding = 4; lastKnownFileType = sourcecode.swift; path = SwipeRefresh.swift; sourceTree = "<group>"; };
		8033E87024254FF900D0F2A0 /* CardHolderHelper.swift */ = {isa = PBXFileReference; fileEncoding = 4; lastKnownFileType = sourcecode.swift; path = CardHolderHelper.swift; sourceTree = "<group>"; };
		8033E87A24254FF900D0F2A0 /* Initial.swift */ = {isa = PBXFileReference; fileEncoding = 4; lastKnownFileType = sourcecode.swift; path = Initial.swift; sourceTree = "<group>"; };
		8033E87C24254FF900D0F2A0 /* Radio.xib */ = {isa = PBXFileReference; fileEncoding = 4; lastKnownFileType = file.xib; path = Radio.xib; sourceTree = "<group>"; };
		8033E87D24254FF900D0F2A0 /* RadioButton.swift */ = {isa = PBXFileReference; fileEncoding = 4; lastKnownFileType = sourcecode.swift; path = RadioButton.swift; sourceTree = "<group>"; };
		8033E87E24254FF900D0F2A0 /* RadioView.swift */ = {isa = PBXFileReference; fileEncoding = 4; lastKnownFileType = sourcecode.swift; path = RadioView.swift; sourceTree = "<group>"; };
		8033E87F24254FF900D0F2A0 /* RadioView.xib */ = {isa = PBXFileReference; fileEncoding = 4; lastKnownFileType = file.xib; path = RadioView.xib; sourceTree = "<group>"; };
		8033E88424254FF900D0F2A0 /* SearchBarHelper.swift */ = {isa = PBXFileReference; fileEncoding = 4; lastKnownFileType = sourcecode.swift; path = SearchBarHelper.swift; sourceTree = "<group>"; };
		8033E88624254FF900D0F2A0 /* TTGSnackbar.h */ = {isa = PBXFileReference; fileEncoding = 4; lastKnownFileType = sourcecode.c.h; path = TTGSnackbar.h; sourceTree = "<group>"; };
		8033E88724254FF900D0F2A0 /* TTGSnackbar.swift */ = {isa = PBXFileReference; fileEncoding = 4; lastKnownFileType = sourcecode.swift; path = TTGSnackbar.swift; sourceTree = "<group>"; };
		8033E88A24254FF900D0F2A0 /* UITabHelper.swift */ = {isa = PBXFileReference; fileEncoding = 4; lastKnownFileType = sourcecode.swift; path = UITabHelper.swift; sourceTree = "<group>"; };
		8033E91A2425554E00D0F2A0 /* UIStoryboardExtensions.swift */ = {isa = PBXFileReference; fileEncoding = 4; lastKnownFileType = sourcecode.swift; path = UIStoryboardExtensions.swift; sourceTree = "<group>"; };
		8033E91E24256BC800D0F2A0 /* Auth.storyboard */ = {isa = PBXFileReference; fileEncoding = 4; lastKnownFileType = file.storyboard; path = Auth.storyboard; sourceTree = "<group>"; };
		8033E92224257BD500D0F2A0 /* Category.storyboard */ = {isa = PBXFileReference; lastKnownFileType = file.storyboard; path = Category.storyboard; sourceTree = "<group>"; };
		8033E92424257C5600D0F2A0 /* StoreDetail.storyboard */ = {isa = PBXFileReference; lastKnownFileType = file.storyboard; path = StoreDetail.storyboard; sourceTree = "<group>"; };
		8033E92624257D5B00D0F2A0 /* CreateStore.storyboard */ = {isa = PBXFileReference; lastKnownFileType = file.storyboard; path = CreateStore.storyboard; sourceTree = "<group>"; };
		8033E92824257E5F00D0F2A0 /* Popup.storyboard */ = {isa = PBXFileReference; lastKnownFileType = file.storyboard; path = Popup.storyboard; sourceTree = "<group>"; };
		CD472DEF2422509D0017E43C /* DriversMapVC.swift */ = {isa = PBXFileReference; lastKnownFileType = sourcecode.swift; path = DriversMapVC.swift; sourceTree = "<group>"; };
		CD472DF2242259660017E43C /* DriversVC.swift */ = {isa = PBXFileReference; lastKnownFileType = sourcecode.swift; path = DriversVC.swift; sourceTree = "<group>"; };
		CD472DF4242259870017E43C /* DriversCell.swift */ = {isa = PBXFileReference; lastKnownFileType = sourcecode.swift; path = DriversCell.swift; sourceTree = "<group>"; };
		CD472DFE24226D9F0017E43C /* MapAnnotationsView.swift */ = {isa = PBXFileReference; lastKnownFileType = sourcecode.swift; path = MapAnnotationsView.swift; sourceTree = "<group>"; };
		E7C056DC252C8D810D8813CA /* Pods-D2020.release.xcconfig */ = {isa = PBXFileReference; includeInIndex = 1; lastKnownFileType = text.xcconfig; name = "Pods-D2020.release.xcconfig"; path = "Target Support Files/Pods-D2020/Pods-D2020.release.xcconfig"; sourceTree = "<group>"; };
		FA1FEF23240ED1FE002AABE7 /* PremiumProductsVC.swift */ = {isa = PBXFileReference; lastKnownFileType = sourcecode.swift; path = PremiumProductsVC.swift; sourceTree = "<group>"; };
		FA1FEF25240ED23F002AABE7 /* PremiumVC.swift */ = {isa = PBXFileReference; lastKnownFileType = sourcecode.swift; path = PremiumVC.swift; sourceTree = "<group>"; };
		FA25201723FC3D4C004D8F32 /* CategoryVC.swift */ = {isa = PBXFileReference; lastKnownFileType = sourcecode.swift; path = CategoryVC.swift; sourceTree = "<group>"; };
		FA25201A23FC3DF4004D8F32 /* Category.swift */ = {isa = PBXFileReference; lastKnownFileType = sourcecode.swift; path = Category.swift; sourceTree = "<group>"; };
		FA274152240093FF00E449A7 /* ProductCell.swift */ = {isa = PBXFileReference; lastKnownFileType = sourcecode.swift; path = ProductCell.swift; sourceTree = "<group>"; };
		FA2BAED92420D883002E6505 /* AddProductShopVC.swift */ = {isa = PBXFileReference; lastKnownFileType = sourcecode.swift; path = AddProductShopVC.swift; sourceTree = "<group>"; };
		FA2BAEDB2420D8A8002E6505 /* EditAddProductVC.swift */ = {isa = PBXFileReference; lastKnownFileType = sourcecode.swift; path = EditAddProductVC.swift; sourceTree = "<group>"; };
		FA2BAEDD2420D9A0002E6505 /* slideShowCollectionViewCell.swift */ = {isa = PBXFileReference; fileEncoding = 4; lastKnownFileType = sourcecode.swift; path = slideShowCollectionViewCell.swift; sourceTree = "<group>"; };
		FA2BAEDF2420D9CB002E6505 /* slideShow.swift */ = {isa = PBXFileReference; fileEncoding = 4; lastKnownFileType = sourcecode.swift; path = slideShow.swift; sourceTree = "<group>"; };
		FA2BAEE12420D9D7002E6505 /* productsCollectionViewCell.swift */ = {isa = PBXFileReference; fileEncoding = 4; lastKnownFileType = sourcecode.swift; path = productsCollectionViewCell.swift; sourceTree = "<group>"; };
		FA2BAEE32421001E002E6505 /* CountryViewController.swift */ = {isa = PBXFileReference; lastKnownFileType = sourcecode.swift; path = CountryViewController.swift; sourceTree = "<group>"; };
		FA2BAEE524210086002E6505 /* CountryTableViewCell.swift */ = {isa = PBXFileReference; lastKnownFileType = sourcecode.swift; path = CountryTableViewCell.swift; sourceTree = "<group>"; };
		FA2BAEE7242100F6002E6505 /* CountryModel.swift */ = {isa = PBXFileReference; lastKnownFileType = sourcecode.swift; path = CountryModel.swift; sourceTree = "<group>"; };
		FA2BAEEB24214C7A002E6505 /* profileViewController.swift */ = {isa = PBXFileReference; lastKnownFileType = sourcecode.swift; path = profileViewController.swift; sourceTree = "<group>"; };
		FA2BAEED24214CAB002E6505 /* editProfileViewController.swift */ = {isa = PBXFileReference; lastKnownFileType = sourcecode.swift; path = editProfileViewController.swift; sourceTree = "<group>"; };
		FA2BAEEF2421518A002E6505 /* updateProfileViewController.swift */ = {isa = PBXFileReference; lastKnownFileType = sourcecode.swift; path = updateProfileViewController.swift; sourceTree = "<group>"; };
		FA53ED8324067BF800A037E9 /* WalkThroughContentVC.swift */ = {isa = PBXFileReference; lastKnownFileType = sourcecode.swift; path = WalkThroughContentVC.swift; sourceTree = "<group>"; };
		FA53ED85240682BB00A037E9 /* WalkthroughPageViewController.swift */ = {isa = PBXFileReference; lastKnownFileType = sourcecode.swift; path = WalkthroughPageViewController.swift; sourceTree = "<group>"; };
		FA53ED87240687DE00A037E9 /* WalkthroughVC.swift */ = {isa = PBXFileReference; lastKnownFileType = sourcecode.swift; path = WalkthroughVC.swift; sourceTree = "<group>"; };
		FA5680ED23FB51B40099F94C /* ArbFONTS-Sukar Bold.ttf */ = {isa = PBXFileReference; lastKnownFileType = file; path = "ArbFONTS-Sukar Bold.ttf"; sourceTree = "<group>"; };
		FA569E56240E6538004507C3 /* NotificationsVC.swift */ = {isa = PBXFileReference; lastKnownFileType = sourcecode.swift; path = NotificationsVC.swift; sourceTree = "<group>"; };
		FA569E58240E65A3004507C3 /* NotificationsCell.swift */ = {isa = PBXFileReference; lastKnownFileType = sourcecode.swift; path = NotificationsCell.swift; sourceTree = "<group>"; };
		FA5C34B023FD40740016DBFE /* CategoryCell.swift */ = {isa = PBXFileReference; lastKnownFileType = sourcecode.swift; path = CategoryCell.swift; sourceTree = "<group>"; };
		FA5C6DDA24015A1700E11A98 /* SelectedCategoryVC.swift */ = {isa = PBXFileReference; lastKnownFileType = sourcecode.swift; path = SelectedCategoryVC.swift; sourceTree = "<group>"; };
		FA5C6DDC24015A8300E11A98 /* SelectedCategoryCell.swift */ = {isa = PBXFileReference; lastKnownFileType = sourcecode.swift; path = SelectedCategoryCell.swift; sourceTree = "<group>"; };
		FA5D914423F953DB0004CBEB /* newCustomer.swift */ = {isa = PBXFileReference; lastKnownFileType = sourcecode.swift; path = newCustomer.swift; sourceTree = "<group>"; };
		FA5D914E23F984C90004CBEB /* RegisterLocationVC.swift */ = {isa = PBXFileReference; lastKnownFileType = sourcecode.swift; path = RegisterLocationVC.swift; sourceTree = "<group>"; };
		FA5E6E4E240BDC1F00041736 /* ForRentCell.swift */ = {isa = PBXFileReference; lastKnownFileType = sourcecode.swift; path = ForRentCell.swift; sourceTree = "<group>"; };
		FA5E6E50240C119800041736 /* AgentsCell.swift */ = {isa = PBXFileReference; lastKnownFileType = sourcecode.swift; path = AgentsCell.swift; sourceTree = "<group>"; };
		FA5F546823F5933B00E7F40B /* D2020.app */ = {isa = PBXFileReference; explicitFileType = wrapper.application; includeInIndex = 0; path = D2020.app; sourceTree = BUILT_PRODUCTS_DIR; };
		FA5F546B23F5933B00E7F40B /* AppDelegate.swift */ = {isa = PBXFileReference; lastKnownFileType = sourcecode.swift; path = AppDelegate.swift; sourceTree = "<group>"; };
		FA5F546F23F5933B00E7F40B /* ViewController.swift */ = {isa = PBXFileReference; lastKnownFileType = sourcecode.swift; path = ViewController.swift; sourceTree = "<group>"; };
		FA5F547223F5933B00E7F40B /* Base */ = {isa = PBXFileReference; lastKnownFileType = file.storyboard; name = Base; path = Base.lproj/Main.storyboard; sourceTree = "<group>"; };
		FA5F547423F5934000E7F40B /* Assets.xcassets */ = {isa = PBXFileReference; lastKnownFileType = folder.assetcatalog; path = Assets.xcassets; sourceTree = "<group>"; };
		FA5F547723F5934000E7F40B /* Base */ = {isa = PBXFileReference; lastKnownFileType = file.storyboard; name = Base; path = Base.lproj/LaunchScreen.storyboard; sourceTree = "<group>"; };
		FA5F547923F5934000E7F40B /* Info.plist */ = {isa = PBXFileReference; lastKnownFileType = text.plist.xml; path = Info.plist; sourceTree = "<group>"; };
		FA60428F23FC026B00BC1C62 /* PromoContentVC.swift */ = {isa = PBXFileReference; lastKnownFileType = sourcecode.swift; path = PromoContentVC.swift; sourceTree = "<group>"; };
		FA60429123FC033700BC1C62 /* HomeVC.swift */ = {isa = PBXFileReference; lastKnownFileType = sourcecode.swift; path = HomeVC.swift; sourceTree = "<group>"; };
		FA6294632406B66D00308F25 /* OnBoardingVC.swift */ = {isa = PBXFileReference; lastKnownFileType = sourcecode.swift; path = OnBoardingVC.swift; sourceTree = "<group>"; };
		FA6294652406B6EA00308F25 /* ATCClassicWalkthroughViewController.swift */ = {isa = PBXFileReference; lastKnownFileType = sourcecode.swift; path = ATCClassicWalkthroughViewController.swift; sourceTree = "<group>"; };
		FA6294662406B6EA00308F25 /* ATCClassicWalkthroughViewController.xib */ = {isa = PBXFileReference; lastKnownFileType = file.xib; path = ATCClassicWalkthroughViewController.xib; sourceTree = "<group>"; };
		FA6294692406B73100308F25 /* ATCWalkthroughViewController.swift */ = {isa = PBXFileReference; lastKnownFileType = sourcecode.swift; path = ATCWalkthroughViewController.swift; sourceTree = "<group>"; };
		FA62946A2406B73100308F25 /* ATCWalkthroughViewController.xib */ = {isa = PBXFileReference; lastKnownFileType = file.xib; path = ATCWalkthroughViewController.xib; sourceTree = "<group>"; };
		FA62946D2406B86400308F25 /* ATCWalkthroughModel.swift */ = {isa = PBXFileReference; lastKnownFileType = sourcecode.swift; path = ATCWalkthroughModel.swift; sourceTree = "<group>"; };
		FA6294712406CFC200308F25 /* PageViewController.swift */ = {isa = PBXFileReference; lastKnownFileType = sourcecode.swift; path = PageViewController.swift; sourceTree = "<group>"; };
		FA6294732406D03700308F25 /* PageControlTests.swift */ = {isa = PBXFileReference; lastKnownFileType = sourcecode.swift; path = PageControlTests.swift; sourceTree = "<group>"; };
		FA6294752406D0A000308F25 /* PageControlUITests.swift */ = {isa = PBXFileReference; lastKnownFileType = sourcecode.swift; path = PageControlUITests.swift; sourceTree = "<group>"; };
		FA64D31723FEB6D000D18958 /* EachCategoryVC.swift */ = {isa = PBXFileReference; lastKnownFileType = sourcecode.swift; path = EachCategoryVC.swift; sourceTree = "<group>"; };
		FA64D31923FEB91A00D18958 /* SubCategoryCell.swift */ = {isa = PBXFileReference; lastKnownFileType = sourcecode.swift; path = SubCategoryCell.swift; sourceTree = "<group>"; };
		FA64D31A23FEB91A00D18958 /* SubCategoryCell.xib */ = {isa = PBXFileReference; lastKnownFileType = file.xib; path = SubCategoryCell.xib; sourceTree = "<group>"; };
		FA64D31D23FEB97300D18958 /* AfterSelectingCell.swift */ = {isa = PBXFileReference; lastKnownFileType = sourcecode.swift; path = AfterSelectingCell.swift; sourceTree = "<group>"; };
		FA66C90E2403565D00CD6B95 /* NewAdsMan.swift */ = {isa = PBXFileReference; lastKnownFileType = sourcecode.swift; path = NewAdsMan.swift; sourceTree = "<group>"; };
		FA66FE72240FAF9D00AFC774 /* PremiumWorkTimeVC.swift */ = {isa = PBXFileReference; lastKnownFileType = sourcecode.swift; path = PremiumWorkTimeVC.swift; sourceTree = "<group>"; };
		FA66FE74240FB0A700AFC774 /* PremiumWorkTimeCell.swift */ = {isa = PBXFileReference; lastKnownFileType = sourcecode.swift; path = PremiumWorkTimeCell.swift; sourceTree = "<group>"; };
		FA66FE76240FBFEA00AFC774 /* PremiumContacts.swift */ = {isa = PBXFileReference; lastKnownFileType = sourcecode.swift; path = PremiumContacts.swift; sourceTree = "<group>"; };
		FA66FE78240FC02000AFC774 /* PremiumContactsCell.swift */ = {isa = PBXFileReference; lastKnownFileType = sourcecode.swift; path = PremiumContactsCell.swift; sourceTree = "<group>"; };
		FA66FE7A240FEF0D00AFC774 /* PremiumServicesCell.swift */ = {isa = PBXFileReference; lastKnownFileType = sourcecode.swift; path = PremiumServicesCell.swift; sourceTree = "<group>"; };
		FA66FE7C2410027B00AFC774 /* SavedVC.swift */ = {isa = PBXFileReference; lastKnownFileType = sourcecode.swift; path = SavedVC.swift; sourceTree = "<group>"; };
		FA66FE7E24100E3400AFC774 /* ShopsSaved.swift */ = {isa = PBXFileReference; lastKnownFileType = sourcecode.swift; path = ShopsSaved.swift; sourceTree = "<group>"; };
		FA66FE8024101CB200AFC774 /* SavedShopsVC.swift */ = {isa = PBXFileReference; lastKnownFileType = sourcecode.swift; path = SavedShopsVC.swift; sourceTree = "<group>"; };
		FA68A22F240D34F2004C8316 /* QRCodeVC.swift */ = {isa = PBXFileReference; lastKnownFileType = sourcecode.swift; path = QRCodeVC.swift; sourceTree = "<group>"; };
		FA68E219240EEDF70015C96E /* PremiumProductsCell.swift */ = {isa = PBXFileReference; lastKnownFileType = sourcecode.swift; path = PremiumProductsCell.swift; sourceTree = "<group>"; };
		FA68E21B240EFEA50015C96E /* PremiumContentVC.swift */ = {isa = PBXFileReference; lastKnownFileType = sourcecode.swift; path = PremiumContentVC.swift; sourceTree = "<group>"; };
		FA6D98E3241121F400D71D3C /* ShopsAddedCell.swift */ = {isa = PBXFileReference; lastKnownFileType = sourcecode.swift; path = ShopsAddedCell.swift; sourceTree = "<group>"; };
		FA6D98E52411242500D71D3C /* AddShopVC.swift */ = {isa = PBXFileReference; lastKnownFileType = sourcecode.swift; path = AddShopVC.swift; sourceTree = "<group>"; };
		FA6E33C8241FF50C00BFAFED /* ThirdVC.swift */ = {isa = PBXFileReference; lastKnownFileType = sourcecode.swift; path = ThirdVC.swift; sourceTree = "<group>"; };
		FA6E33C9241FF50C00BFAFED /* FirstVC.swift */ = {isa = PBXFileReference; lastKnownFileType = sourcecode.swift; path = FirstVC.swift; sourceTree = "<group>"; };
		FA6E33CA241FF50C00BFAFED /* PageViewControllerA.swift */ = {isa = PBXFileReference; lastKnownFileType = sourcecode.swift; path = PageViewControllerA.swift; sourceTree = "<group>"; };
		FA6E33CB241FF50C00BFAFED /* SecondVC.swift */ = {isa = PBXFileReference; lastKnownFileType = sourcecode.swift; path = SecondVC.swift; sourceTree = "<group>"; };
		FA6E33D0241FF5F000BFAFED /* CurrentLocationVC.swift */ = {isa = PBXFileReference; lastKnownFileType = sourcecode.swift; path = CurrentLocationVC.swift; sourceTree = "<group>"; };
		FA707D222418F878001BC8CE /* PromoContentVCC.swift */ = {isa = PBXFileReference; lastKnownFileType = sourcecode.swift; path = PromoContentVCC.swift; sourceTree = "<group>"; };
		FA842A342416A0F40042DB49 /* AddShopDetailVC.swift */ = {isa = PBXFileReference; lastKnownFileType = sourcecode.swift; path = AddShopDetailVC.swift; sourceTree = "<group>"; };
		FA85AEC324180320008EAD50 /* ShopOwnerProducts.swift */ = {isa = PBXFileReference; lastKnownFileType = sourcecode.swift; path = ShopOwnerProducts.swift; sourceTree = "<group>"; };
		FA85AEC52418043A008EAD50 /* ShopOwnerProfileVC.swift */ = {isa = PBXFileReference; lastKnownFileType = sourcecode.swift; path = ShopOwnerProfileVC.swift; sourceTree = "<group>"; };
		FAAC60F523F839DD007EB8E7 /* RoundedViews.swift */ = {isa = PBXFileReference; lastKnownFileType = sourcecode.swift; path = RoundedViews.swift; sourceTree = "<group>"; };
		FACD6511240176F500B65A08 /* ProfileContentVC.swift */ = {isa = PBXFileReference; lastKnownFileType = sourcecode.swift; path = ProfileContentVC.swift; sourceTree = "<group>"; };
		FACD6513240177A400B65A08 /* ProfileVC.swift */ = {isa = PBXFileReference; lastKnownFileType = sourcecode.swift; path = ProfileVC.swift; sourceTree = "<group>"; };
		FACD65152401888D00B65A08 /* ProfileCollectionViewCell.swift */ = {isa = PBXFileReference; lastKnownFileType = sourcecode.swift; path = ProfileCollectionViewCell.swift; sourceTree = "<group>"; };
		FEF3EF063CF3D3687B8AAF5C /* Pods-D2020.debug.xcconfig */ = {isa = PBXFileReference; includeInIndex = 1; lastKnownFileType = text.xcconfig; name = "Pods-D2020.debug.xcconfig"; path = "Target Support Files/Pods-D2020/Pods-D2020.debug.xcconfig"; sourceTree = "<group>"; };
/* End PBXFileReference section */

/* Begin PBXFrameworksBuildPhase section */
		FA5F546523F5933B00E7F40B /* Frameworks */ = {
			isa = PBXFrameworksBuildPhase;
			buildActionMask = 2147483647;
			files = (
				34565C36D13772A3A4FE7FF1 /* Pods_D2020.framework in Frameworks */,
			);
			runOnlyForDeploymentPostprocessing = 0;
		};
/* End PBXFrameworksBuildPhase section */

/* Begin PBXGroup section */
		08BC4A5BFDC64DD52B626B7C /* Pods */ = {
			isa = PBXGroup;
			children = (
				FEF3EF063CF3D3687B8AAF5C /* Pods-D2020.debug.xcconfig */,
				E7C056DC252C8D810D8813CA /* Pods-D2020.release.xcconfig */,
			);
			path = Pods;
			sourceTree = "<group>";
		};
		8033E77724254D0100D0F2A0 /* Core */ = {
			isa = PBXGroup;
			children = (
				8033E77824254D0100D0F2A0 /* BaseModel.swift */,
				8033E77924254D0100D0F2A0 /* Errors.swift */,
				8033E77A24254D0100D0F2A0 /* SelectDropDownModel.swift */,
				8033E77B24254D0100D0F2A0 /* TokenModel.swift */,
				8033E77C24254D0100D0F2A0 /* User.swift */,
			);
			path = Core;
			sourceTree = "<group>";
		};
		8033E78D24254D3600D0F2A0 /* Storyboards */ = {
			isa = PBXGroup;
			children = (
				FA5F547123F5933B00E7F40B /* Main.storyboard */,
				FA5F547623F5934000E7F40B /* LaunchScreen.storyboard */,
				8033E91E24256BC800D0F2A0 /* Auth.storyboard */,
				8033E78E24254D3600D0F2A0 /* Storyboards.swift */,
				8033E92224257BD500D0F2A0 /* Category.storyboard */,
				8033E92424257C5600D0F2A0 /* StoreDetail.storyboard */,
				8033E92624257D5B00D0F2A0 /* CreateStore.storyboard */,
				8033E92824257E5F00D0F2A0 /* Popup.storyboard */,
			);
			path = Storyboards;
			sourceTree = "<group>";
		};
		8033E79024254D8F00D0F2A0 /* Core */ = {
			isa = PBXGroup;
			children = (
				8033E79124254D8F00D0F2A0 /* CellProtocol.swift */,
				8033E79224254D8F00D0F2A0 /* ExtensionUICollectionViewCell.swift */,
				8033E79324254D8F00D0F2A0 /* ExtensionUITableViewCell.swift */,
			);
			path = Core;
			sourceTree = "<group>";
		};
		8033E79724254DAA00D0F2A0 /* Core */ = {
			isa = PBXGroup;
			children = (
				8033E79824254DAA00D0F2A0 /* BaseController.swift */,
				8033E79924254DAA00D0F2A0 /* BaseViewControllerProtocol.swift */,
				8033E79B24254DAA00D0F2A0 /* POPUPViewController.swift */,
				8033E79C24254DAA00D0F2A0 /* PresentingViewProtocol.swift */,
			);
			path = Core;
			sourceTree = "<group>";
		};
		8033E7A224254E3100D0F2A0 /* Extensions */ = {
			isa = PBXGroup;
			children = (
				8033E7A324254E3100D0F2A0 /* SwifterSwift.swift */,
				8033E7A424254E3100D0F2A0 /* SwiftStdlib */,
				8033E7B624254E3100D0F2A0 /* UIKit */,
			);
			path = Extensions;
			sourceTree = "<group>";
		};
		8033E7A424254E3100D0F2A0 /* SwiftStdlib */ = {
			isa = PBXGroup;
			children = (
				8033E7B424254E3100D0F2A0 /* StringExtensions.swift */,
			);
			path = SwiftStdlib;
			sourceTree = "<group>";
		};
		8033E7B624254E3100D0F2A0 /* UIKit */ = {
			isa = PBXGroup;
			children = (
				8033E7B724254E3100D0F2A0 /* FloatingLabelTextField.swift */,
				8033E7B924254E3100D0F2A0 /* UIApplicationExtensions.swift */,
				8033E7BA24254E3100D0F2A0 /* UIBarButtonItemExtensions.swift */,
				8033E7BE24254E3100D0F2A0 /* UIConstraintLayoutExtension.swift */,
				8033E7C824254E3100D0F2A0 /* UISearchBarExtensions.swift */,
				8033E7D324254E3100D0F2A0 /* UIViewExtensions.swift */,
				8033E91A2425554E00D0F2A0 /* UIStoryboardExtensions.swift */,
				8033E7D424254E3100D0F2A0 /* UIWindowExtensions.swift */,
			);
			path = UIKit;
			sourceTree = "<group>";
		};
		8033E80424254FF900D0F2A0 /* Helpers */ = {
			isa = PBXGroup;
			children = (
				8033E80524254FF900D0F2A0 /* CommonHelper */,
				8033E82524254FF900D0F2A0 /* HttpHelper */,
				8033E82E24254FF900D0F2A0 /* ImagesHelper */,
				8033E83724254FF900D0F2A0 /* Localization */,
				8033E83C24254FF900D0F2A0 /* LocationHelper */,
				8033E84124254FF900D0F2A0 /* PickerViewHelper */,
				8033E84424254FF900D0F2A0 /* slideMenu */,
				8033E85F24254FF900D0F2A0 /* SwipeRefreshHelper */,
				8033E86124254FF900D0F2A0 /* UIKit */,
				8033E88924254FF900D0F2A0 /* UIViewHelper */,
			);
			path = Helpers;
			sourceTree = "<group>";
		};
		8033E80524254FF900D0F2A0 /* CommonHelper */ = {
			isa = PBXGroup;
			children = (
				8033E80624254FF900D0F2A0 /* AlertableHelper.swift */,
				8033E80724254FF900D0F2A0 /* PublicHelper.swift */,
			);
			path = CommonHelper;
			sourceTree = "<group>";
		};
		8033E82524254FF900D0F2A0 /* HttpHelper */ = {
			isa = PBXGroup;
			children = (
				8033E82624254FF900D0F2A0 /* ApiHelpers.swift */,
				8033E82724254FF900D0F2A0 /* ApiManager.swift */,
				8033E82824254FF900D0F2A0 /* ApiProtocol.swift */,
				8033E82924254FF900D0F2A0 /* Authorization.swift */,
				8033E82A24254FF900D0F2A0 /* BaseApi.swift */,
				8033E82C24254FF900D0F2A0 /* EndPoint.swift */,
				8033E82D24254FF900D0F2A0 /* Paginator.swift */,
			);
			path = HttpHelper;
			sourceTree = "<group>";
		};
		8033E82E24254FF900D0F2A0 /* ImagesHelper */ = {
			isa = PBXGroup;
			children = (
				8033E82F24254FF900D0F2A0 /* GalleryPickerHelper.swift */,
				8033E83024254FF900D0F2A0 /* ImageDisplayController.storyboard */,
				8033E83124254FF900D0F2A0 /* ImageDisplayController.swift */,
				8033E83224254FF900D0F2A0 /* ImageHelper.swift */,
				8033E83624254FF900D0F2A0 /* UIImageViewExtension.swift */,
			);
			path = ImagesHelper;
			sourceTree = "<group>";
		};
		8033E83724254FF900D0F2A0 /* Localization */ = {
			isa = PBXGroup;
			children = (
				8033E83824254FF900D0F2A0 /* ChangeLangHelper.swift */,
				8033E83924254FF900D0F2A0 /* Localization.swift */,
				8033E83A24254FF900D0F2A0 /* LocalizeDictionary.swift */,
				8033E83B24254FF900D0F2A0 /* UILocalizationExtensions.swift */,
			);
			path = Localization;
			sourceTree = "<group>";
		};
		8033E83C24254FF900D0F2A0 /* LocationHelper */ = {
			isa = PBXGroup;
			children = (
				8033E83D24254FF900D0F2A0 /* LocationHelper.swift */,
			);
			path = LocationHelper;
			sourceTree = "<group>";
		};
		8033E84124254FF900D0F2A0 /* PickerViewHelper */ = {
			isa = PBXGroup;
			children = (
				8033E84224254FF900D0F2A0 /* PickerViewHelper.storyboard */,
				8033E84324254FF900D0F2A0 /* PickerViewHelper.swift */,
			);
			path = PickerViewHelper;
			sourceTree = "<group>";
		};
		8033E84424254FF900D0F2A0 /* slideMenu */ = {
			isa = PBXGroup;
			children = (
				8033E84524254FF900D0F2A0 /* Core */,
				8033E84A24254FF900D0F2A0 /* MeneHelper.swift */,
				8033E84B24254FF900D0F2A0 /* Menu.storyboard */,
				8033E84C24254FF900D0F2A0 /* MenuCell.swift */,
				8033E84D24254FF900D0F2A0 /* MenuVC.swift */,
			);
			path = slideMenu;
			sourceTree = "<group>";
		};
		8033E84524254FF900D0F2A0 /* Core */ = {
			isa = PBXGroup;
			children = (
				8033E84624254FF900D0F2A0 /* SideMenuManager.swift */,
				8033E84724254FF900D0F2A0 /* SideMenuTransition.swift */,
				8033E84824254FF900D0F2A0 /* UISideMenuNavigationController.swift */,
				8033E84924254FF900D0F2A0 /* UITableViewVibrantCell.swift */,
			);
			path = Core;
			sourceTree = "<group>";
		};
		8033E85F24254FF900D0F2A0 /* SwipeRefreshHelper */ = {
			isa = PBXGroup;
			children = (
				8033E86024254FF900D0F2A0 /* SwipeRefresh.swift */,
			);
			path = SwipeRefreshHelper;
			sourceTree = "<group>";
		};
		8033E86124254FF900D0F2A0 /* UIKit */ = {
			isa = PBXGroup;
			children = (
				8033E86F24254FF900D0F2A0 /* CardHolder */,
				8033E87924254FF900D0F2A0 /* Lotti */,
				8033E87B24254FF900D0F2A0 /* RadioButton */,
				8033E88424254FF900D0F2A0 /* SearchBarHelper.swift */,
				8033E88524254FF900D0F2A0 /* SnackBar */,
			);
			path = UIKit;
			sourceTree = "<group>";
		};
		8033E86F24254FF900D0F2A0 /* CardHolder */ = {
			isa = PBXGroup;
			children = (
				8033E87024254FF900D0F2A0 /* CardHolderHelper.swift */,
			);
			path = CardHolder;
			sourceTree = "<group>";
		};
		8033E87924254FF900D0F2A0 /* Lotti */ = {
			isa = PBXGroup;
			children = (
				8033E87A24254FF900D0F2A0 /* Initial.swift */,
			);
			path = Lotti;
			sourceTree = "<group>";
		};
		8033E87B24254FF900D0F2A0 /* RadioButton */ = {
			isa = PBXGroup;
			children = (
				8033E87C24254FF900D0F2A0 /* Radio.xib */,
				8033E87D24254FF900D0F2A0 /* RadioButton.swift */,
				8033E87E24254FF900D0F2A0 /* RadioView.swift */,
				8033E87F24254FF900D0F2A0 /* RadioView.xib */,
			);
			path = RadioButton;
			sourceTree = "<group>";
		};
		8033E88524254FF900D0F2A0 /* SnackBar */ = {
			isa = PBXGroup;
			children = (
				8033E88624254FF900D0F2A0 /* TTGSnackbar.h */,
				8033E88724254FF900D0F2A0 /* TTGSnackbar.swift */,
			);
			path = SnackBar;
			sourceTree = "<group>";
		};
		8033E88924254FF900D0F2A0 /* UIViewHelper */ = {
			isa = PBXGroup;
			children = (
				8033E88A24254FF900D0F2A0 /* UITabHelper.swift */,
			);
			path = UIViewHelper;
			sourceTree = "<group>";
		};
		807B1FE024264C9000F74A81 /* Main */ = {
			isa = PBXGroup;
			children = (
				FA60429123FC033700BC1C62 /* HomeVC.swift */,
			);
			path = Main;
			sourceTree = "<group>";
		};
		ADC3993193890F3C2FC2181A /* Frameworks */ = {
			isa = PBXGroup;
			children = (
				7CD42E7013F938C7FA37C420 /* Pods_D2020.framework */,
			);
			name = Frameworks;
			sourceTree = "<group>";
		};
		CD472DF1242250A60017E43C /* Drivers */ = {
			isa = PBXGroup;
			children = (
				CD472DEF2422509D0017E43C /* DriversMapVC.swift */,
				CD472DF2242259660017E43C /* DriversVC.swift */,
			);
			path = Drivers;
			sourceTree = "<group>";
		};
		FA25201923FC3DE1004D8F32 /* Model */ = {
			isa = PBXGroup;
			children = (
				8033E77724254D0100D0F2A0 /* Core */,
				FA25201A23FC3DF4004D8F32 /* Category.swift */,
				52E8672E241D2CBF00D7CBBC /* products.swift */,
				FA2BAEDF2420D9CB002E6505 /* slideShow.swift */,
				FA2BAEE7242100F6002E6505 /* CountryModel.swift */,
				FA62946D2406B86400308F25 /* ATCWalkthroughModel.swift */,
			);
			path = Model;
			sourceTree = "<group>";
		};
		FA25201C23FC3E0A004D8F32 /* View */ = {
			isa = PBXGroup;
			children = (
				FA64D31A23FEB91A00D18958 /* SubCategoryCell.xib */,
				8033E79024254D8F00D0F2A0 /* Core */,
				FAAC60F523F839DD007EB8E7 /* RoundedViews.swift */,
				FA5C34B023FD40740016DBFE /* CategoryCell.swift */,
				FA5E6E50240C119800041736 /* AgentsCell.swift */,
				FA5E6E4E240BDC1F00041736 /* ForRentCell.swift */,
				FA274152240093FF00E449A7 /* ProductCell.swift */,
				FA64D31923FEB91A00D18958 /* SubCategoryCell.swift */,
				FA64D31D23FEB97300D18958 /* AfterSelectingCell.swift */,
				FA5C6DDC24015A8300E11A98 /* SelectedCategoryCell.swift */,
				FACD65152401888D00B65A08 /* ProfileCollectionViewCell.swift */,
				FA569E58240E65A3004507C3 /* NotificationsCell.swift */,
				FA68E219240EEDF70015C96E /* PremiumProductsCell.swift */,
				FA66FE74240FB0A700AFC774 /* PremiumWorkTimeCell.swift */,
				FA66FE78240FC02000AFC774 /* PremiumContactsCell.swift */,
				FA66FE7A240FEF0D00AFC774 /* PremiumServicesCell.swift */,
				FA66FE7E24100E3400AFC774 /* ShopsSaved.swift */,
				FA6D98E3241121F400D71D3C /* ShopsAddedCell.swift */,
				FA85AEC324180320008EAD50 /* ShopOwnerProducts.swift */,
				FA2BAEDD2420D9A0002E6505 /* slideShowCollectionViewCell.swift */,
				FA2BAEE12420D9D7002E6505 /* productsCollectionViewCell.swift */,
				FA2BAEE524210086002E6505 /* CountryTableViewCell.swift */,
				FA6294732406D03700308F25 /* PageControlTests.swift */,
				FA6294752406D0A000308F25 /* PageControlUITests.swift */,
				CD472DF4242259870017E43C /* DriversCell.swift */,
				CD472DFE24226D9F0017E43C /* MapAnnotationsView.swift */,
			);
			path = View;
			sourceTree = "<group>";
		};
		FA5680E923FB519C0099F94C /* Font */ = {
			isa = PBXGroup;
			children = (
				FA5680ED23FB51B40099F94C /* ArbFONTS-Sukar Bold.ttf */,
			);
			path = Font;
			sourceTree = "<group>";
		};
		FA5F545F23F5933B00E7F40B = {
			isa = PBXGroup;
			children = (
				FA5F546A23F5933B00E7F40B /* D2020 */,
				FA5F546923F5933B00E7F40B /* Products */,
				08BC4A5BFDC64DD52B626B7C /* Pods */,
				ADC3993193890F3C2FC2181A /* Frameworks */,
			);
			sourceTree = "<group>";
		};
		FA5F546923F5933B00E7F40B /* Products */ = {
			isa = PBXGroup;
			children = (
				FA5F546823F5933B00E7F40B /* D2020.app */,
			);
			name = Products;
			sourceTree = "<group>";
		};
		FA5F546A23F5933B00E7F40B /* D2020 */ = {
			isa = PBXGroup;
			children = (
				FA5F546B23F5933B00E7F40B /* AppDelegate.swift */,
				8033E76524254CA200D0F2A0 /* Constants.swift */,
				8033E77324254CE700D0F2A0 /* Localizable.strings */,
				8033E76624254CA200D0F2A0 /* loading.json */,
				8033E78D24254D3600D0F2A0 /* Storyboards */,
				8033E7A224254E3100D0F2A0 /* Extensions */,
				8033E80424254FF900D0F2A0 /* Helpers */,
				FA25201C23FC3E0A004D8F32 /* View */,
				FA25201923FC3DE1004D8F32 /* Model */,
				FA5680E923FB519C0099F94C /* Font */,
				FA6294622406B64500308F25 /* Controllers */,
				FA5F547423F5934000E7F40B /* Assets.xcassets */,
				52E8672C241D2C7100D7CBBC /* catagoryTableViewCell.swift */,
				52E8672A241D2C2C00D7CBBC /* catagoryTableViewController.swift */,
				FA5F547923F5934000E7F40B /* Info.plist */,
				52E64928241E22DD00B2B0AE /* shopTypeViewController.swift */,
				52E6492A241E292300B2B0AE /* shopTypeTableViewCell.swift */,
				52E6492C241E34FA00B2B0AE /* shopType.swift */,
				52E6492E241E749300B2B0AE /* cityViewController.swift */,
				52E64930241E792100B2B0AE /* cityTableViewCell.swift */,
				52E64932241E7CA700B2B0AE /* city.swift */,
				5202ECEB241EE6AD007E10F6 /* optionViewController.swift */,
				521CC4B2241F7379007803FD /* optionTableViewCell.swift */,
				521CC4B4241F7459007803FD /* option.swift */,
				521CC4B6241F898F007803FD /* changeCityViewController.swift */,
				521CC4B8241F8AF8007803FD /* changeCityTableViewCell.swift */,
			);
			path = D2020;
			sourceTree = "<group>";
		};
		FA6294622406B64500308F25 /* Controllers */ = {
			isa = PBXGroup;
			children = (
				807B1FE024264C9000F74A81 /* Main */,
				8033E79724254DAA00D0F2A0 /* Core */,
				FA5F546F23F5933B00E7F40B /* ViewController.swift */,
				FA6E33D0241FF5F000BFAFED /* CurrentLocationVC.swift */,
				FA5D914423F953DB0004CBEB /* newCustomer.swift */,
				FA66C90E2403565D00CD6B95 /* NewAdsMan.swift */,
				FA5D914E23F984C90004CBEB /* RegisterLocationVC.swift */,
				FA60428F23FC026B00BC1C62 /* PromoContentVC.swift */,
				FA25201723FC3D4C004D8F32 /* CategoryVC.swift */,
				FA64D31723FEB6D000D18958 /* EachCategoryVC.swift */,
				FA5C6DDA24015A1700E11A98 /* SelectedCategoryVC.swift */,
				FACD6513240177A400B65A08 /* ProfileVC.swift */,
				FACD6511240176F500B65A08 /* ProfileContentVC.swift */,
				FA53ED8324067BF800A037E9 /* WalkThroughContentVC.swift */,
				FA53ED85240682BB00A037E9 /* WalkthroughPageViewController.swift */,
				FA53ED87240687DE00A037E9 /* WalkthroughVC.swift */,
				FA6294632406B66D00308F25 /* OnBoardingVC.swift */,
				FA68A22F240D34F2004C8316 /* QRCodeVC.swift */,
				FA569E56240E6538004507C3 /* NotificationsVC.swift */,
				FA66FE7C2410027B00AFC774 /* SavedVC.swift */,
				FA66FE8024101CB200AFC774 /* SavedShopsVC.swift */,
				FA1FEF25240ED23F002AABE7 /* PremiumVC.swift */,
				FA1FEF23240ED1FE002AABE7 /* PremiumProductsVC.swift */,
				FA66FE72240FAF9D00AFC774 /* PremiumWorkTimeVC.swift */,
				FA66FE76240FBFEA00AFC774 /* PremiumContacts.swift */,
				FA68E21B240EFEA50015C96E /* PremiumContentVC.swift */,
				FA707D222418F878001BC8CE /* PromoContentVCC.swift */,
				FA6D98E52411242500D71D3C /* AddShopVC.swift */,
				FA842A342416A0F40042DB49 /* AddShopDetailVC.swift */,
				FA85AEC52418043A008EAD50 /* ShopOwnerProfileVC.swift */,
				FA6294652406B6EA00308F25 /* ATCClassicWalkthroughViewController.swift */,
				FA6294662406B6EA00308F25 /* ATCClassicWalkthroughViewController.xib */,
				FA6294692406B73100308F25 /* ATCWalkthroughViewController.swift */,
				FA62946A2406B73100308F25 /* ATCWalkthroughViewController.xib */,
				FA6294712406CFC200308F25 /* PageViewController.swift */,
				FA6E33C9241FF50C00BFAFED /* FirstVC.swift */,
				FA6E33CA241FF50C00BFAFED /* PageViewControllerA.swift */,
				FA6E33CB241FF50C00BFAFED /* SecondVC.swift */,
				FA6E33C8241FF50C00BFAFED /* ThirdVC.swift */,
				FA2BAED92420D883002E6505 /* AddProductShopVC.swift */,
				FA2BAEDB2420D8A8002E6505 /* EditAddProductVC.swift */,
				FA2BAEE32421001E002E6505 /* CountryViewController.swift */,
				FA2BAEEB24214C7A002E6505 /* profileViewController.swift */,
				FA2BAEED24214CAB002E6505 /* editProfileViewController.swift */,
				FA2BAEEF2421518A002E6505 /* updateProfileViewController.swift */,
				CD472DF1242250A60017E43C /* Drivers */,
			);
			path = Controllers;
			sourceTree = "<group>";
		};
/* End PBXGroup section */

/* Begin PBXNativeTarget section */
		FA5F546723F5933B00E7F40B /* D2020 */ = {
			isa = PBXNativeTarget;
			buildConfigurationList = FA5F547C23F5934000E7F40B /* Build configuration list for PBXNativeTarget "D2020" */;
			buildPhases = (
				1607540A517AAAE128D2C852 /* [CP] Check Pods Manifest.lock */,
				FA5F546423F5933B00E7F40B /* Sources */,
				FA5F546523F5933B00E7F40B /* Frameworks */,
				FA5F546623F5933B00E7F40B /* Resources */,
				DEF6FE438430FAF39A7B7FD4 /* [CP] Embed Pods Frameworks */,
				9741638FC5F3740F598BA0EF /* [CP] Copy Pods Resources */,
			);
			buildRules = (
			);
			dependencies = (
			);
			name = D2020;
			productName = D2020;
			productReference = FA5F546823F5933B00E7F40B /* D2020.app */;
			productType = "com.apple.product-type.application";
		};
/* End PBXNativeTarget section */

/* Begin PBXProject section */
		FA5F546023F5933B00E7F40B /* Project object */ = {
			isa = PBXProject;
			attributes = {
				LastSwiftUpdateCheck = 1130;
				LastUpgradeCheck = 1130;
				ORGANIZATIONNAME = "Abdallah Eslah";
				TargetAttributes = {
					FA5F546723F5933B00E7F40B = {
						CreatedOnToolsVersion = 11.3;
					};
				};
			};
			buildConfigurationList = FA5F546323F5933B00E7F40B /* Build configuration list for PBXProject "D2020" */;
			compatibilityVersion = "Xcode 9.3";
			developmentRegion = en;
			hasScannedForEncodings = 0;
			knownRegions = (
				en,
				Base,
				ar,
			);
			mainGroup = FA5F545F23F5933B00E7F40B;
			productRefGroup = FA5F546923F5933B00E7F40B /* Products */;
			projectDirPath = "";
			projectRoot = "";
			targets = (
				FA5F546723F5933B00E7F40B /* D2020 */,
			);
		};
/* End PBXProject section */

/* Begin PBXResourcesBuildPhase section */
		FA5F546623F5933B00E7F40B /* Resources */ = {
			isa = PBXResourcesBuildPhase;
			buildActionMask = 2147483647;
			files = (
				FA62946C2406B73100308F25 /* ATCWalkthroughViewController.xib in Resources */,
				8033E91F24256BC800D0F2A0 /* Auth.storyboard in Resources */,
				8033E92924257E5F00D0F2A0 /* Popup.storyboard in Resources */,
				8033E92324257BD500D0F2A0 /* Category.storyboard in Resources */,
				8033E8D924254FF900D0F2A0 /* Menu.storyboard in Resources */,
				8033E8FC24254FF900D0F2A0 /* Radio.xib in Resources */,
				8033E8D224254FF900D0F2A0 /* PickerViewHelper.storyboard in Resources */,
				FA6294682406B6EA00308F25 /* ATCClassicWalkthroughViewController.xib in Resources */,
				FA5F547823F5934000E7F40B /* LaunchScreen.storyboard in Resources */,
				8033E8C424254FF900D0F2A0 /* ImageDisplayController.storyboard in Resources */,
				FA5680F323FB51B40099F94C /* ArbFONTS-Sukar Bold.ttf in Resources */,
				8033E92524257C5600D0F2A0 /* StoreDetail.storyboard in Resources */,
				8033E8FF24254FF900D0F2A0 /* RadioView.xib in Resources */,
				FA5F547523F5934000E7F40B /* Assets.xcassets in Resources */,
				8033E77524254CE700D0F2A0 /* Localizable.strings in Resources */,
				8033E92724257D5B00D0F2A0 /* CreateStore.storyboard in Resources */,
				FA64D31C23FEB91A00D18958 /* SubCategoryCell.xib in Resources */,
				FA5F547323F5933B00E7F40B /* Main.storyboard in Resources */,
				8033E76C24254CA200D0F2A0 /* loading.json in Resources */,
			);
			runOnlyForDeploymentPostprocessing = 0;
		};
/* End PBXResourcesBuildPhase section */

/* Begin PBXShellScriptBuildPhase section */
		1607540A517AAAE128D2C852 /* [CP] Check Pods Manifest.lock */ = {
			isa = PBXShellScriptBuildPhase;
			buildActionMask = 2147483647;
			files = (
			);
			inputFileListPaths = (
			);
			inputPaths = (
				"${PODS_PODFILE_DIR_PATH}/Podfile.lock",
				"${PODS_ROOT}/Manifest.lock",
			);
			name = "[CP] Check Pods Manifest.lock";
			outputFileListPaths = (
			);
			outputPaths = (
				"$(DERIVED_FILE_DIR)/Pods-D2020-checkManifestLockResult.txt",
			);
			runOnlyForDeploymentPostprocessing = 0;
			shellPath = /bin/sh;
			shellScript = "diff \"${PODS_PODFILE_DIR_PATH}/Podfile.lock\" \"${PODS_ROOT}/Manifest.lock\" > /dev/null\nif [ $? != 0 ] ; then\n    # print error to STDERR\n    echo \"error: The sandbox is not in sync with the Podfile.lock. Run 'pod install' or update your CocoaPods installation.\" >&2\n    exit 1\nfi\n# This output is used by Xcode 'outputs' to avoid re-running this script phase.\necho \"SUCCESS\" > \"${SCRIPT_OUTPUT_FILE_0}\"\n";
			showEnvVarsInLog = 0;
		};
		9741638FC5F3740F598BA0EF /* [CP] Copy Pods Resources */ = {
			isa = PBXShellScriptBuildPhase;
			buildActionMask = 2147483647;
			files = (
			);
			inputFileListPaths = (
				"${PODS_ROOT}/Target Support Files/Pods-D2020/Pods-D2020-resources-${CONFIGURATION}-input-files.xcfilelist",
			);
			name = "[CP] Copy Pods Resources";
			outputFileListPaths = (
				"${PODS_ROOT}/Target Support Files/Pods-D2020/Pods-D2020-resources-${CONFIGURATION}-output-files.xcfilelist",
			);
			runOnlyForDeploymentPostprocessing = 0;
			shellPath = /bin/sh;
			shellScript = "\"${PODS_ROOT}/Target Support Files/Pods-D2020/Pods-D2020-resources.sh\"\n";
			showEnvVarsInLog = 0;
		};
		DEF6FE438430FAF39A7B7FD4 /* [CP] Embed Pods Frameworks */ = {
			isa = PBXShellScriptBuildPhase;
			buildActionMask = 2147483647;
			files = (
			);
			inputFileListPaths = (
				"${PODS_ROOT}/Target Support Files/Pods-D2020/Pods-D2020-frameworks-${CONFIGURATION}-input-files.xcfilelist",
			);
			name = "[CP] Embed Pods Frameworks";
			outputFileListPaths = (
				"${PODS_ROOT}/Target Support Files/Pods-D2020/Pods-D2020-frameworks-${CONFIGURATION}-output-files.xcfilelist",
			);
			runOnlyForDeploymentPostprocessing = 0;
			shellPath = /bin/sh;
			shellScript = "\"${PODS_ROOT}/Target Support Files/Pods-D2020/Pods-D2020-frameworks.sh\"\n";
			showEnvVarsInLog = 0;
		};
/* End PBXShellScriptBuildPhase section */

/* Begin PBXSourcesBuildPhase section */
		FA5F546423F5933B00E7F40B /* Sources */ = {
			isa = PBXSourcesBuildPhase;
			buildActionMask = 2147483647;
			files = (
				FA60429023FC026B00BC1C62 /* PromoContentVC.swift in Sources */,
				52E8672F241D2CBF00D7CBBC /* products.swift in Sources */,
				8033E8D424254FF900D0F2A0 /* SideMenuManager.swift in Sources */,
				8033E7E924254E3100D0F2A0 /* UIBarButtonItemExtensions.swift in Sources */,
				521CC4B9241F8AF8007803FD /* changeCityTableViewCell.swift in Sources */,
				52E64931241E792100B2B0AE /* cityTableViewCell.swift in Sources */,
				FA6D98E62411242500D71D3C /* AddShopVC.swift in Sources */,
				FA6E33D1241FF5F000BFAFED /* CurrentLocationVC.swift in Sources */,
				CD472DFF24226D9F0017E43C /* MapAnnotationsView.swift in Sources */,
				8033E90624254FF900D0F2A0 /* UITabHelper.swift in Sources */,
				8033E79624254D9000D0F2A0 /* ExtensionUITableViewCell.swift in Sources */,
				8033E8FD24254FF900D0F2A0 /* RadioButton.swift in Sources */,
				8033E8E824254FF900D0F2A0 /* SwipeRefresh.swift in Sources */,
				FA64D31F23FEB97300D18958 /* AfterSelectingCell.swift in Sources */,
				8033E80224254E3100D0F2A0 /* UIViewExtensions.swift in Sources */,
				52E8672B241D2C2C00D7CBBC /* catagoryTableViewController.swift in Sources */,
				FA2BAEDE2420D9A0002E6505 /* slideShowCollectionViewCell.swift in Sources */,
				8033E8A124254FF900D0F2A0 /* AlertableHelper.swift in Sources */,
				52E64933241E7CA700B2B0AE /* city.swift in Sources */,
				CD472DF02422509D0017E43C /* DriversMapVC.swift in Sources */,
				521CC4B7241F898F007803FD /* changeCityViewController.swift in Sources */,
				FA66C90F2403565E00CD6B95 /* NewAdsMan.swift in Sources */,
				FA2BAEE624210086002E6505 /* CountryTableViewCell.swift in Sources */,
				FA53ED88240687DE00A037E9 /* WalkthroughVC.swift in Sources */,
				FA5E6E4F240BDC1F00041736 /* ForRentCell.swift in Sources */,
				8033E8BC24254FF900D0F2A0 /* ApiManager.swift in Sources */,
				8033E8C324254FF900D0F2A0 /* GalleryPickerHelper.swift in Sources */,
				8033E8D624254FF900D0F2A0 /* UISideMenuNavigationController.swift in Sources */,
				8033E8C624254FF900D0F2A0 /* ImageHelper.swift in Sources */,
				CD472DF3242259660017E43C /* DriversVC.swift in Sources */,
				8033E7E424254E3100D0F2A0 /* StringExtensions.swift in Sources */,
				FA68E21A240EEDF70015C96E /* PremiumProductsCell.swift in Sources */,
				FA5C6DDB24015A1700E11A98 /* SelectedCategoryVC.swift in Sources */,
				FA68E21C240EFEA50015C96E /* PremiumContentVC.swift in Sources */,
				FA2BAEDC2420D8A8002E6505 /* EditAddProductVC.swift in Sources */,
				FA53ED8424067BF800A037E9 /* WalkThroughContentVC.swift in Sources */,
				FA66FE7B240FEF0D00AFC774 /* PremiumServicesCell.swift in Sources */,
				FA6294672406B6EA00308F25 /* ATCClassicWalkthroughViewController.swift in Sources */,
				8033E77D24254D0100D0F2A0 /* BaseModel.swift in Sources */,
				521CC4B3241F7379007803FD /* optionTableViewCell.swift in Sources */,
				FA64D31823FEB6D000D18958 /* EachCategoryVC.swift in Sources */,
				8033E8BB24254FF900D0F2A0 /* ApiHelpers.swift in Sources */,
				5202ECEC241EE6AD007E10F6 /* optionViewController.swift in Sources */,
				FA2BAEDA2420D884002E6505 /* AddProductShopVC.swift in Sources */,
				8033E8D324254FF900D0F2A0 /* PickerViewHelper.swift in Sources */,
				FA6D98E4241121F400D71D3C /* ShopsAddedCell.swift in Sources */,
				52E6492D241E34FA00B2B0AE /* shopType.swift in Sources */,
				FA569E57240E6538004507C3 /* NotificationsVC.swift in Sources */,
				8033E8D824254FF900D0F2A0 /* MeneHelper.swift in Sources */,
				52E8672D241D2C7200D7CBBC /* catagoryTableViewCell.swift in Sources */,
				8033E8C224254FF900D0F2A0 /* Paginator.swift in Sources */,
				FA6E33CC241FF50C00BFAFED /* PageViewControllerA.swift in Sources */,
				8033E8C524254FF900D0F2A0 /* ImageDisplayController.swift in Sources */,
				8033E7A024254DAA00D0F2A0 /* POPUPViewController.swift in Sources */,
				FA66FE77240FBFEA00AFC774 /* PremiumContacts.swift in Sources */,
				FA2BAEE02420D9CB002E6505 /* slideShow.swift in Sources */,
				52E6492B241E292300B2B0AE /* shopTypeTableViewCell.swift in Sources */,
				8033E8DA24254FF900D0F2A0 /* MenuCell.swift in Sources */,
				8033E78124254D0100D0F2A0 /* User.swift in Sources */,
				8033E80324254E3100D0F2A0 /* UIWindowExtensions.swift in Sources */,
				8033E8BE24254FF900D0F2A0 /* Authorization.swift in Sources */,
				FA85AEC62418043A008EAD50 /* ShopOwnerProfileVC.swift in Sources */,
				FA1FEF26240ED23F002AABE7 /* PremiumVC.swift in Sources */,
				8033E8DB24254FF900D0F2A0 /* MenuVC.swift in Sources */,
				8033E8CF24254FF900D0F2A0 /* LocationHelper.swift in Sources */,
				FA25201B23FC3DF4004D8F32 /* Category.swift in Sources */,
				FA66FE75240FB0A700AFC774 /* PremiumWorkTimeCell.swift in Sources */,
				FA53ED86240682BB00A037E9 /* WalkthroughPageViewController.swift in Sources */,
				FA1FEF24240ED1FE002AABE7 /* PremiumProductsVC.swift in Sources */,
				8033E7D524254E3100D0F2A0 /* SwifterSwift.swift in Sources */,
				FA5D914F23F984C90004CBEB /* RegisterLocationVC.swift in Sources */,
				8033E8BD24254FF900D0F2A0 /* ApiProtocol.swift in Sources */,
				8033E78F24254D3600D0F2A0 /* Storyboards.swift in Sources */,
				FA2BAEE8242100F6002E6505 /* CountryModel.swift in Sources */,
				FAAC60F623F839DD007EB8E7 /* RoundedViews.swift in Sources */,
				FA2BAEE42421001E002E6505 /* CountryViewController.swift in Sources */,
				8033E8CA24254FF900D0F2A0 /* UIImageViewExtension.swift in Sources */,
				FA6E33CF241FF50C00BFAFED /* FirstVC.swift in Sources */,
				FA25201823FC3D4C004D8F32 /* CategoryVC.swift in Sources */,
				8033E8CC24254FF900D0F2A0 /* Localization.swift in Sources */,
				FA85AEC424180320008EAD50 /* ShopOwnerProducts.swift in Sources */,
				FA842A352416A0F40042DB49 /* AddShopDetailVC.swift in Sources */,
				8033E79D24254DAA00D0F2A0 /* BaseController.swift in Sources */,
				8033E7E824254E3100D0F2A0 /* UIApplicationExtensions.swift in Sources */,
				8033E77E24254D0100D0F2A0 /* Errors.swift in Sources */,
				FACD6514240177A400B65A08 /* ProfileVC.swift in Sources */,
				8033E8F424254FF900D0F2A0 /* CardHolderHelper.swift in Sources */,
				FA2BAEE22420D9D7002E6505 /* productsCollectionViewCell.swift in Sources */,
				FA64D31B23FEB91A00D18958 /* SubCategoryCell.swift in Sources */,
				8033E7A124254DAA00D0F2A0 /* PresentingViewProtocol.swift in Sources */,
				FA5D914523F953DC0004CBEB /* newCustomer.swift in Sources */,
				8033E90424254FF900D0F2A0 /* TTGSnackbar.swift in Sources */,
				8033E91B2425554E00D0F2A0 /* UIStoryboardExtensions.swift in Sources */,
				8033E78024254D0100D0F2A0 /* TokenModel.swift in Sources */,
				8033E79524254D9000D0F2A0 /* ExtensionUICollectionViewCell.swift in Sources */,
				8033E79424254D9000D0F2A0 /* CellProtocol.swift in Sources */,
				8033E8FE24254FF900D0F2A0 /* RadioView.swift in Sources */,
				FA62946E2406B86400308F25 /* ATCWalkthroughModel.swift in Sources */,
				FA62946B2406B73100308F25 /* ATCWalkthroughViewController.swift in Sources */,
				8033E77F24254D0100D0F2A0 /* SelectDropDownModel.swift in Sources */,
				FA5E6E51240C119800041736 /* AgentsCell.swift in Sources */,
				FA5C6DDD24015A8300E11A98 /* SelectedCategoryCell.swift in Sources */,
				8033E8CD24254FF900D0F2A0 /* LocalizeDictionary.swift in Sources */,
				8033E8CB24254FF900D0F2A0 /* ChangeLangHelper.swift in Sources */,
				FA5F547023F5933B00E7F40B /* ViewController.swift in Sources */,
				FA2BAEF02421518B002E6505 /* updateProfileViewController.swift in Sources */,
				FA68A230240D34F2004C8316 /* QRCodeVC.swift in Sources */,
				FACD65162401888D00B65A08 /* ProfileCollectionViewCell.swift in Sources */,
				FA6294722406CFC200308F25 /* PageViewController.swift in Sources */,
				8033E7E624254E3100D0F2A0 /* FloatingLabelTextField.swift in Sources */,
				FA2BAEEC24214C7A002E6505 /* profileViewController.swift in Sources */,
				FA6E33CE241FF50C00BFAFED /* SecondVC.swift in Sources */,
				8033E8D524254FF900D0F2A0 /* SideMenuTransition.swift in Sources */,
				FA6E33CD241FF50C00BFAFED /* ThirdVC.swift in Sources */,
				FA5F546C23F5933B00E7F40B /* AppDelegate.swift in Sources */,
				FA2BAEEE24214CAB002E6505 /* editProfileViewController.swift in Sources */,
				FA60429223FC033700BC1C62 /* HomeVC.swift in Sources */,
				8033E7F724254E3100D0F2A0 /* UISearchBarExtensions.swift in Sources */,
				FA66FE73240FAF9D00AFC774 /* PremiumWorkTimeVC.swift in Sources */,
				8033E76B24254CA200D0F2A0 /* Constants.swift in Sources */,
				8033E8CE24254FF900D0F2A0 /* UILocalizationExtensions.swift in Sources */,
				FA569E59240E65A3004507C3 /* NotificationsCell.swift in Sources */,
				FA274153240093FF00E449A7 /* ProductCell.swift in Sources */,
				52E64929241E22DD00B2B0AE /* shopTypeViewController.swift in Sources */,
				FA6294742406D03700308F25 /* PageControlTests.swift in Sources */,
				FA66FE79240FC02000AFC774 /* PremiumContactsCell.swift in Sources */,
				FA707D232418F878001BC8CE /* PromoContentVCC.swift in Sources */,
				521CC4B5241F7459007803FD /* option.swift in Sources */,
				8033E8FB24254FF900D0F2A0 /* Initial.swift in Sources */,
				FA5C34B223FD40740016DBFE /* CategoryCell.swift in Sources */,
				FA66FE8124101CB200AFC774 /* SavedShopsVC.swift in Sources */,
				FA66FE7D2410027B00AFC774 /* SavedVC.swift in Sources */,
				8033E8D724254FF900D0F2A0 /* UITableViewVibrantCell.swift in Sources */,
				CD472DF5242259870017E43C /* DriversCell.swift in Sources */,
				FACD6512240176F500B65A08 /* ProfileContentVC.swift in Sources */,
				52E6492F241E749300B2B0AE /* cityViewController.swift in Sources */,
				8033E8A224254FF900D0F2A0 /* PublicHelper.swift in Sources */,
				8033E79E24254DAA00D0F2A0 /* BaseViewControllerProtocol.swift in Sources */,
				FA6294762406D0A000308F25 /* PageControlUITests.swift in Sources */,
				8033E8C124254FF900D0F2A0 /* EndPoint.swift in Sources */,
				8033E7ED24254E3100D0F2A0 /* UIConstraintLayoutExtension.swift in Sources */,
				FA6294642406B66D00308F25 /* OnBoardingVC.swift in Sources */,
				8033E90324254FF900D0F2A0 /* SearchBarHelper.swift in Sources */,
				8033E8BF24254FF900D0F2A0 /* BaseApi.swift in Sources */,
				FA66FE7F24100E3400AFC774 /* ShopsSaved.swift in Sources */,
			);
			runOnlyForDeploymentPostprocessing = 0;
		};
/* End PBXSourcesBuildPhase section */

/* Begin PBXVariantGroup section */
		8033E77324254CE700D0F2A0 /* Localizable.strings */ = {
			isa = PBXVariantGroup;
			children = (
				8033E77424254CE700D0F2A0 /* ar */,
				8033E77624254CED00D0F2A0 /* en */,
			);
			name = Localizable.strings;
			sourceTree = "<group>";
		};
		FA5F547123F5933B00E7F40B /* Main.storyboard */ = {
			isa = PBXVariantGroup;
			children = (
				FA5F547223F5933B00E7F40B /* Base */,
			);
			name = Main.storyboard;
			sourceTree = "<group>";
		};
		FA5F547623F5934000E7F40B /* LaunchScreen.storyboard */ = {
			isa = PBXVariantGroup;
			children = (
				FA5F547723F5934000E7F40B /* Base */,
			);
			name = LaunchScreen.storyboard;
			sourceTree = "<group>";
		};
/* End PBXVariantGroup section */

/* Begin XCBuildConfiguration section */
		FA5F547A23F5934000E7F40B /* Debug */ = {
			isa = XCBuildConfiguration;
			buildSettings = {
				ALWAYS_SEARCH_USER_PATHS = NO;
				CLANG_ANALYZER_NONNULL = YES;
				CLANG_ANALYZER_NUMBER_OBJECT_CONVERSION = YES_AGGRESSIVE;
				CLANG_CXX_LANGUAGE_STANDARD = "gnu++14";
				CLANG_CXX_LIBRARY = "libc++";
				CLANG_ENABLE_MODULES = YES;
				CLANG_ENABLE_OBJC_ARC = YES;
				CLANG_ENABLE_OBJC_WEAK = YES;
				CLANG_WARN_BLOCK_CAPTURE_AUTORELEASING = YES;
				CLANG_WARN_BOOL_CONVERSION = YES;
				CLANG_WARN_COMMA = YES;
				CLANG_WARN_CONSTANT_CONVERSION = YES;
				CLANG_WARN_DEPRECATED_OBJC_IMPLEMENTATIONS = YES;
				CLANG_WARN_DIRECT_OBJC_ISA_USAGE = YES_ERROR;
				CLANG_WARN_DOCUMENTATION_COMMENTS = YES;
				CLANG_WARN_EMPTY_BODY = YES;
				CLANG_WARN_ENUM_CONVERSION = YES;
				CLANG_WARN_INFINITE_RECURSION = YES;
				CLANG_WARN_INT_CONVERSION = YES;
				CLANG_WARN_NON_LITERAL_NULL_CONVERSION = YES;
				CLANG_WARN_OBJC_IMPLICIT_RETAIN_SELF = YES;
				CLANG_WARN_OBJC_LITERAL_CONVERSION = YES;
				CLANG_WARN_OBJC_ROOT_CLASS = YES_ERROR;
				CLANG_WARN_RANGE_LOOP_ANALYSIS = YES;
				CLANG_WARN_STRICT_PROTOTYPES = YES;
				CLANG_WARN_SUSPICIOUS_MOVE = YES;
				CLANG_WARN_UNGUARDED_AVAILABILITY = YES_AGGRESSIVE;
				CLANG_WARN_UNREACHABLE_CODE = YES;
				CLANG_WARN__DUPLICATE_METHOD_MATCH = YES;
				COPY_PHASE_STRIP = NO;
				DEBUG_INFORMATION_FORMAT = dwarf;
				ENABLE_STRICT_OBJC_MSGSEND = YES;
				ENABLE_TESTABILITY = YES;
				GCC_C_LANGUAGE_STANDARD = gnu11;
				GCC_DYNAMIC_NO_PIC = NO;
				GCC_NO_COMMON_BLOCKS = YES;
				GCC_OPTIMIZATION_LEVEL = 0;
				GCC_PREPROCESSOR_DEFINITIONS = (
					"DEBUG=1",
					"$(inherited)",
				);
				GCC_WARN_64_TO_32_BIT_CONVERSION = YES;
				GCC_WARN_ABOUT_RETURN_TYPE = YES_ERROR;
				GCC_WARN_UNDECLARED_SELECTOR = YES;
				GCC_WARN_UNINITIALIZED_AUTOS = YES_AGGRESSIVE;
				GCC_WARN_UNUSED_FUNCTION = YES;
				GCC_WARN_UNUSED_VARIABLE = YES;
				IPHONEOS_DEPLOYMENT_TARGET = 13.1;
				MTL_ENABLE_DEBUG_INFO = INCLUDE_SOURCE;
				MTL_FAST_MATH = YES;
				ONLY_ACTIVE_ARCH = YES;
				SDKROOT = iphoneos;
				SWIFT_ACTIVE_COMPILATION_CONDITIONS = DEBUG;
				SWIFT_OPTIMIZATION_LEVEL = "-Onone";
			};
			name = Debug;
		};
		FA5F547B23F5934000E7F40B /* Release */ = {
			isa = XCBuildConfiguration;
			buildSettings = {
				ALWAYS_SEARCH_USER_PATHS = NO;
				CLANG_ANALYZER_NONNULL = YES;
				CLANG_ANALYZER_NUMBER_OBJECT_CONVERSION = YES_AGGRESSIVE;
				CLANG_CXX_LANGUAGE_STANDARD = "gnu++14";
				CLANG_CXX_LIBRARY = "libc++";
				CLANG_ENABLE_MODULES = YES;
				CLANG_ENABLE_OBJC_ARC = YES;
				CLANG_ENABLE_OBJC_WEAK = YES;
				CLANG_WARN_BLOCK_CAPTURE_AUTORELEASING = YES;
				CLANG_WARN_BOOL_CONVERSION = YES;
				CLANG_WARN_COMMA = YES;
				CLANG_WARN_CONSTANT_CONVERSION = YES;
				CLANG_WARN_DEPRECATED_OBJC_IMPLEMENTATIONS = YES;
				CLANG_WARN_DIRECT_OBJC_ISA_USAGE = YES_ERROR;
				CLANG_WARN_DOCUMENTATION_COMMENTS = YES;
				CLANG_WARN_EMPTY_BODY = YES;
				CLANG_WARN_ENUM_CONVERSION = YES;
				CLANG_WARN_INFINITE_RECURSION = YES;
				CLANG_WARN_INT_CONVERSION = YES;
				CLANG_WARN_NON_LITERAL_NULL_CONVERSION = YES;
				CLANG_WARN_OBJC_IMPLICIT_RETAIN_SELF = YES;
				CLANG_WARN_OBJC_LITERAL_CONVERSION = YES;
				CLANG_WARN_OBJC_ROOT_CLASS = YES_ERROR;
				CLANG_WARN_RANGE_LOOP_ANALYSIS = YES;
				CLANG_WARN_STRICT_PROTOTYPES = YES;
				CLANG_WARN_SUSPICIOUS_MOVE = YES;
				CLANG_WARN_UNGUARDED_AVAILABILITY = YES_AGGRESSIVE;
				CLANG_WARN_UNREACHABLE_CODE = YES;
				CLANG_WARN__DUPLICATE_METHOD_MATCH = YES;
				COPY_PHASE_STRIP = NO;
				DEBUG_INFORMATION_FORMAT = "dwarf-with-dsym";
				ENABLE_NS_ASSERTIONS = NO;
				ENABLE_STRICT_OBJC_MSGSEND = YES;
				GCC_C_LANGUAGE_STANDARD = gnu11;
				GCC_NO_COMMON_BLOCKS = YES;
				GCC_WARN_64_TO_32_BIT_CONVERSION = YES;
				GCC_WARN_ABOUT_RETURN_TYPE = YES_ERROR;
				GCC_WARN_UNDECLARED_SELECTOR = YES;
				GCC_WARN_UNINITIALIZED_AUTOS = YES_AGGRESSIVE;
				GCC_WARN_UNUSED_FUNCTION = YES;
				GCC_WARN_UNUSED_VARIABLE = YES;
				IPHONEOS_DEPLOYMENT_TARGET = 13.1;
				MTL_ENABLE_DEBUG_INFO = NO;
				MTL_FAST_MATH = YES;
				SDKROOT = iphoneos;
				SWIFT_COMPILATION_MODE = wholemodule;
				SWIFT_OPTIMIZATION_LEVEL = "-O";
				VALIDATE_PRODUCT = YES;
			};
			name = Release;
		};
		FA5F547D23F5934000E7F40B /* Debug */ = {
			isa = XCBuildConfiguration;
			baseConfigurationReference = FEF3EF063CF3D3687B8AAF5C /* Pods-D2020.debug.xcconfig */;
			buildSettings = {
				ASSETCATALOG_COMPILER_APPICON_NAME = AppIcon;
				CODE_SIGN_STYLE = Automatic;
				DEVELOPMENT_TEAM = "";
				INFOPLIST_FILE = D2020/Info.plist;
				IPHONEOS_DEPLOYMENT_TARGET = 11.4;
				LD_RUNPATH_SEARCH_PATHS = (
					"$(inherited)",
					"@executable_path/Frameworks",
				);
				PRODUCT_BUNDLE_IDENTIFIER = com.Abdallah.D2020;
				PRODUCT_NAME = "$(TARGET_NAME)";
				SWIFT_VERSION = 5.0;
				TARGETED_DEVICE_FAMILY = "1,2";
			};
			name = Debug;
		};
		FA5F547E23F5934000E7F40B /* Release */ = {
			isa = XCBuildConfiguration;
			baseConfigurationReference = E7C056DC252C8D810D8813CA /* Pods-D2020.release.xcconfig */;
			buildSettings = {
				ASSETCATALOG_COMPILER_APPICON_NAME = AppIcon;
				CODE_SIGN_STYLE = Automatic;
				DEVELOPMENT_TEAM = "";
				INFOPLIST_FILE = D2020/Info.plist;
				IPHONEOS_DEPLOYMENT_TARGET = 11.4;
				LD_RUNPATH_SEARCH_PATHS = (
					"$(inherited)",
					"@executable_path/Frameworks",
				);
				PRODUCT_BUNDLE_IDENTIFIER = com.Abdallah.D2020;
				PRODUCT_NAME = "$(TARGET_NAME)";
				SWIFT_VERSION = 5.0;
				TARGETED_DEVICE_FAMILY = "1,2";
			};
			name = Release;
		};
/* End XCBuildConfiguration section */

/* Begin XCConfigurationList section */
		FA5F546323F5933B00E7F40B /* Build configuration list for PBXProject "D2020" */ = {
			isa = XCConfigurationList;
			buildConfigurations = (
				FA5F547A23F5934000E7F40B /* Debug */,
				FA5F547B23F5934000E7F40B /* Release */,
			);
			defaultConfigurationIsVisible = 0;
			defaultConfigurationName = Release;
		};
		FA5F547C23F5934000E7F40B /* Build configuration list for PBXNativeTarget "D2020" */ = {
			isa = XCConfigurationList;
			buildConfigurations = (
				FA5F547D23F5934000E7F40B /* Debug */,
				FA5F547E23F5934000E7F40B /* Release */,
			);
			defaultConfigurationIsVisible = 0;
			defaultConfigurationName = Release;
		};
/* End XCConfigurationList section */
	};
	rootObject = FA5F546023F5933B00E7F40B /* Project object */;
}
